{
  "version": 4,
  "terraform_version": "1.14.1",
  "serial": 249,
  "lineage": "daab8084-1fae-8d93-b18b-aa379e1b539d",
  "outputs": {
    "alb_dns_name": {
      "value": "coworkflow-alb-1194392858.us-east-1.elb.amazonaws.com",
      "type": "string"
    },
    "ecr_repository_urls": {
      "value": [
        "322194580427.dkr.ecr.us-east-1.amazonaws.com/coworkflow/api-gateway",
        "322194580427.dkr.ecr.us-east-1.amazonaws.com/coworkflow/frontend",
        "322194580427.dkr.ecr.us-east-1.amazonaws.com/coworkflow/ms-analytics",
        "322194580427.dkr.ecr.us-east-1.amazonaws.com/coworkflow/ms-checkin",
        "322194580427.dkr.ecr.us-east-1.amazonaws.com/coworkflow/ms-espacos",
        "322194580427.dkr.ecr.us-east-1.amazonaws.com/coworkflow/ms-financeiro",
        "322194580427.dkr.ecr.us-east-1.amazonaws.com/coworkflow/ms-notificacoes",
        "322194580427.dkr.ecr.us-east-1.amazonaws.com/coworkflow/ms-pagamentos",
        "322194580427.dkr.ecr.us-east-1.amazonaws.com/coworkflow/ms-precos",
        "322194580427.dkr.ecr.us-east-1.amazonaws.com/coworkflow/ms-reservas",
        "322194580427.dkr.ecr.us-east-1.amazonaws.com/coworkflow/ms-usuarios"
      ],
      "type": [
        "tuple",
        [
          "string",
          "string",
          "string",
          "string",
          "string",
          "string",
          "string",
          "string",
          "string",
          "string",
          "string"
        ]
      ]
    },
    "rds_endpoint": {
      "value": "coworkflow-db.cw5ok6og4ug9.us-east-1.rds.amazonaws.com",
      "type": "string"
    }
  },
  "resources": [
    {
      "mode": "managed",
      "type": "aws_cloudwatch_log_group",
      "name": "logs",
      "provider": "provider[\"registry.terraform.io/hashicorp/aws\"]",
      "instances": [
        {
          "index_key": "api-gateway",
          "schema_version": 0,
          "attributes": {
            "arn": "arn:aws:logs:us-east-1:322194580427:log-group:/ecs/coworkflow/api-gateway",
            "id": "/ecs/coworkflow/api-gateway",
            "kms_key_id": "",
            "name": "/ecs/coworkflow/api-gateway",
            "name_prefix": "",
            "retention_in_days": 7,
            "skip_destroy": false,
            "tags": {},
            "tags_all": {
              "Project": "CoworkFlow",
              "terraform": "tf-coworkflow"
            }
          },
          "sensitive_attributes": [],
          "identity_schema_version": 0,
          "private": "bnVsbA==",
          "dependencies": [
            "aws_lb_target_group.api_gateway",
            "aws_lb_target_group.frontend",
            "aws_vpc.main"
          ]
        },
        {
          "index_key": "frontend",
          "schema_version": 0,
          "attributes": {
            "arn": "arn:aws:logs:us-east-1:322194580427:log-group:/ecs/coworkflow/frontend",
            "id": "/ecs/coworkflow/frontend",
            "kms_key_id": "",
            "name": "/ecs/coworkflow/frontend",
            "name_prefix": "",
            "retention_in_days": 7,
            "skip_destroy": false,
            "tags": {},
            "tags_all": {
              "Project": "CoworkFlow",
              "terraform": "tf-coworkflow"
            }
          },
          "sensitive_attributes": [],
          "identity_schema_version": 0,
          "private": "bnVsbA==",
          "dependencies": [
            "aws_lb_target_group.api_gateway",
            "aws_lb_target_group.frontend",
            "aws_vpc.main"
          ]
        },
        {
          "index_key": "ms-analytics",
          "schema_version": 0,
          "attributes": {
            "arn": "arn:aws:logs:us-east-1:322194580427:log-group:/ecs/coworkflow/ms-analytics",
            "id": "/ecs/coworkflow/ms-analytics",
            "kms_key_id": "",
            "name": "/ecs/coworkflow/ms-analytics",
            "name_prefix": "",
            "retention_in_days": 7,
            "skip_destroy": false,
            "tags": {},
            "tags_all": {
              "Project": "CoworkFlow",
              "terraform": "tf-coworkflow"
            }
          },
          "sensitive_attributes": [],
          "identity_schema_version": 0,
          "private": "bnVsbA==",
          "dependencies": [
            "aws_lb_target_group.api_gateway",
            "aws_lb_target_group.frontend",
            "aws_vpc.main"
          ]
        },
        {
          "index_key": "ms-checkin",
          "schema_version": 0,
          "attributes": {
            "arn": "arn:aws:logs:us-east-1:322194580427:log-group:/ecs/coworkflow/ms-checkin",
            "id": "/ecs/coworkflow/ms-checkin",
            "kms_key_id": "",
            "name": "/ecs/coworkflow/ms-checkin",
            "name_prefix": "",
            "retention_in_days": 7,
            "skip_destroy": false,
            "tags": {},
            "tags_all": {
              "Project": "CoworkFlow",
              "terraform": "tf-coworkflow"
            }
          },
          "sensitive_attributes": [],
          "identity_schema_version": 0,
          "private": "bnVsbA==",
          "dependencies": [
            "aws_lb_target_group.api_gateway",
            "aws_lb_target_group.frontend",
            "aws_vpc.main"
          ]
        },
        {
          "index_key": "ms-espacos",
          "schema_version": 0,
          "attributes": {
            "arn": "arn:aws:logs:us-east-1:322194580427:log-group:/ecs/coworkflow/ms-espacos",
            "id": "/ecs/coworkflow/ms-espacos",
            "kms_key_id": "",
            "name": "/ecs/coworkflow/ms-espacos",
            "name_prefix": "",
            "retention_in_days": 7,
            "skip_destroy": false,
            "tags": {},
            "tags_all": {
              "Project": "CoworkFlow",
              "terraform": "tf-coworkflow"
            }
          },
          "sensitive_attributes": [],
          "identity_schema_version": 0,
          "private": "bnVsbA==",
          "dependencies": [
            "aws_lb_target_group.api_gateway",
            "aws_lb_target_group.frontend",
            "aws_vpc.main"
          ]
        },
        {
          "index_key": "ms-financeiro",
          "schema_version": 0,
          "attributes": {
            "arn": "arn:aws:logs:us-east-1:322194580427:log-group:/ecs/coworkflow/ms-financeiro",
            "id": "/ecs/coworkflow/ms-financeiro",
            "kms_key_id": "",
            "name": "/ecs/coworkflow/ms-financeiro",
            "name_prefix": "",
            "retention_in_days": 7,
            "skip_destroy": false,
            "tags": {},
            "tags_all": {
              "Project": "CoworkFlow",
              "terraform": "tf-coworkflow"
            }
          },
          "sensitive_attributes": [],
          "identity_schema_version": 0,
          "private": "bnVsbA==",
          "dependencies": [
            "aws_lb_target_group.api_gateway",
            "aws_lb_target_group.frontend",
            "aws_vpc.main"
          ]
        },
        {
          "index_key": "ms-notificacoes",
          "schema_version": 0,
          "attributes": {
            "arn": "arn:aws:logs:us-east-1:322194580427:log-group:/ecs/coworkflow/ms-notificacoes",
            "id": "/ecs/coworkflow/ms-notificacoes",
            "kms_key_id": "",
            "name": "/ecs/coworkflow/ms-notificacoes",
            "name_prefix": "",
            "retention_in_days": 7,
            "skip_destroy": false,
            "tags": {},
            "tags_all": {
              "Project": "CoworkFlow",
              "terraform": "tf-coworkflow"
            }
          },
          "sensitive_attributes": [],
          "identity_schema_version": 0,
          "private": "bnVsbA==",
          "dependencies": [
            "aws_lb_target_group.api_gateway",
            "aws_lb_target_group.frontend",
            "aws_vpc.main"
          ]
        },
        {
          "index_key": "ms-pagamentos",
          "schema_version": 0,
          "attributes": {
            "arn": "arn:aws:logs:us-east-1:322194580427:log-group:/ecs/coworkflow/ms-pagamentos",
            "id": "/ecs/coworkflow/ms-pagamentos",
            "kms_key_id": "",
            "name": "/ecs/coworkflow/ms-pagamentos",
            "name_prefix": "",
            "retention_in_days": 7,
            "skip_destroy": false,
            "tags": {},
            "tags_all": {
              "Project": "CoworkFlow",
              "terraform": "tf-coworkflow"
            }
          },
          "sensitive_attributes": [],
          "identity_schema_version": 0,
          "private": "bnVsbA==",
          "dependencies": [
            "aws_lb_target_group.api_gateway",
            "aws_lb_target_group.frontend",
            "aws_vpc.main"
          ]
        },
        {
          "index_key": "ms-precos",
          "schema_version": 0,
          "attributes": {
            "arn": "arn:aws:logs:us-east-1:322194580427:log-group:/ecs/coworkflow/ms-precos",
            "id": "/ecs/coworkflow/ms-precos",
            "kms_key_id": "",
            "name": "/ecs/coworkflow/ms-precos",
            "name_prefix": "",
            "retention_in_days": 7,
            "skip_destroy": false,
            "tags": {},
            "tags_all": {
              "Project": "CoworkFlow",
              "terraform": "tf-coworkflow"
            }
          },
          "sensitive_attributes": [],
          "identity_schema_version": 0,
          "private": "bnVsbA==",
          "dependencies": [
            "aws_lb_target_group.api_gateway",
            "aws_lb_target_group.frontend",
            "aws_vpc.main"
          ]
        },
        {
          "index_key": "ms-reservas",
          "schema_version": 0,
          "attributes": {
            "arn": "arn:aws:logs:us-east-1:322194580427:log-group:/ecs/coworkflow/ms-reservas",
            "id": "/ecs/coworkflow/ms-reservas",
            "kms_key_id": "",
            "name": "/ecs/coworkflow/ms-reservas",
            "name_prefix": "",
            "retention_in_days": 7,
            "skip_destroy": false,
            "tags": {},
            "tags_all": {
              "Project": "CoworkFlow",
              "terraform": "tf-coworkflow"
            }
          },
          "sensitive_attributes": [],
          "identity_schema_version": 0,
          "private": "bnVsbA==",
          "dependencies": [
            "aws_lb_target_group.api_gateway",
            "aws_lb_target_group.frontend",
            "aws_vpc.main"
          ]
        },
        {
          "index_key": "ms-usuarios",
          "schema_version": 0,
          "attributes": {
            "arn": "arn:aws:logs:us-east-1:322194580427:log-group:/ecs/coworkflow/ms-usuarios",
            "id": "/ecs/coworkflow/ms-usuarios",
            "kms_key_id": "",
            "name": "/ecs/coworkflow/ms-usuarios",
            "name_prefix": "",
            "retention_in_days": 7,
            "skip_destroy": false,
            "tags": {},
            "tags_all": {
              "Project": "CoworkFlow",
              "terraform": "tf-coworkflow"
            }
          },
          "sensitive_attributes": [],
          "identity_schema_version": 0,
          "private": "bnVsbA==",
          "dependencies": [
            "aws_lb_target_group.api_gateway",
            "aws_lb_target_group.frontend",
            "aws_vpc.main"
          ]
        }
      ]
    },
    {
      "mode": "managed",
      "type": "aws_db_instance",
      "name": "postgres",
      "provider": "provider[\"registry.terraform.io/hashicorp/aws\"]",
      "instances": [
        {
          "schema_version": 1,
          "attributes": {
            "address": "coworkflow-db.cw5ok6og4ug9.us-east-1.rds.amazonaws.com",
            "allocated_storage": 20,
            "allow_major_version_upgrade": null,
            "apply_immediately": false,
            "arn": "arn:aws:rds:us-east-1:322194580427:db:coworkflow-db",
            "auto_minor_version_upgrade": true,
            "availability_zone": "us-east-1a",
            "backup_retention_period": 0,
            "backup_window": "05:41-06:11",
            "blue_green_update": [],
            "ca_cert_identifier": "rds-ca-rsa2048-g1",
            "character_set_name": "",
            "copy_tags_to_snapshot": false,
            "custom_iam_instance_profile": "",
            "customer_owned_ip_enabled": false,
            "db_name": "",
            "db_subnet_group_name": "coworkflow-db-subnet-group",
            "delete_automated_backups": true,
            "deletion_protection": false,
            "domain": "",
            "domain_iam_role_name": "",
            "enabled_cloudwatch_logs_exports": [],
            "endpoint": "coworkflow-db.cw5ok6og4ug9.us-east-1.rds.amazonaws.com:5432",
            "engine": "postgres",
            "engine_version": "13",
            "engine_version_actual": "13.22",
            "final_snapshot_identifier": null,
            "hosted_zone_id": "Z2R2ITUGPM61AM",
            "iam_database_authentication_enabled": false,
            "id": "coworkflow-db",
            "identifier": "coworkflow-db",
            "identifier_prefix": "",
            "instance_class": "db.t3.micro",
            "iops": 0,
            "kms_key_id": "",
            "latest_restorable_time": "",
            "license_model": "postgresql-license",
            "listener_endpoint": [],
            "maintenance_window": "fri:07:31-fri:08:01",
            "manage_master_user_password": null,
            "master_user_secret": [],
            "master_user_secret_kms_key_id": null,
            "max_allocated_storage": 0,
            "monitoring_interval": 0,
            "monitoring_role_arn": "",
            "multi_az": false,
            "name": "",
            "nchar_character_set_name": "",
            "network_type": "IPV4",
            "option_group_name": "default:postgres-13",
            "parameter_group_name": "default.postgres13",
            "password": "admincoworkflow",
            "performance_insights_enabled": false,
            "performance_insights_kms_key_id": "",
            "performance_insights_retention_period": 0,
            "port": 5432,
            "publicly_accessible": false,
            "replica_mode": "",
            "replicas": [],
            "replicate_source_db": "",
            "resource_id": "db-XJOORWS34DDDUSEC356E23ZGL4",
            "restore_to_point_in_time": [],
            "s3_import": [],
            "security_group_names": [],
            "skip_final_snapshot": true,
            "snapshot_identifier": null,
            "status": "available",
            "storage_encrypted": false,
            "storage_throughput": 0,
            "storage_type": "gp2",
            "tags": {},
            "tags_all": {
              "Project": "CoworkFlow",
              "terraform": "tf-coworkflow"
            },
            "timeouts": null,
            "timezone": "",
            "username": "postgres",
            "vpc_security_group_ids": [
              "sg-025a3968038b3b59b"
            ]
          },
          "sensitive_attributes": [
            [
              {
                "type": "get_attr",
                "value": "password"
              }
            ]
          ],
          "identity_schema_version": 0,
          "private": "eyJlMmJmYjczMC1lY2FhLTExZTYtOGY4OC0zNDM2M2JjN2M0YzAiOnsiY3JlYXRlIjoyNDAwMDAwMDAwMDAwLCJkZWxldGUiOjM2MDAwMDAwMDAwMDAsInVwZGF0ZSI6NDgwMDAwMDAwMDAwMH0sInNjaGVtYV92ZXJzaW9uIjoiMSJ9",
          "dependencies": [
            "aws_db_subnet_group.default",
            "aws_security_group.db_sg",
            "aws_subnet.public_a",
            "aws_subnet.public_b",
            "aws_vpc.main"
          ]
        }
      ]
    },
    {
      "mode": "managed",
      "type": "aws_db_subnet_group",
      "name": "default",
      "provider": "provider[\"registry.terraform.io/hashicorp/aws\"]",
      "instances": [
        {
          "schema_version": 0,
          "attributes": {
            "arn": "arn:aws:rds:us-east-1:322194580427:subgrp:coworkflow-db-subnet-group",
            "description": "Managed by Terraform",
            "id": "coworkflow-db-subnet-group",
            "name": "coworkflow-db-subnet-group",
            "name_prefix": "",
            "subnet_ids": [
              "subnet-05bc5e3dc8710d943",
              "subnet-087f785d163416330"
            ],
            "supported_network_types": [
              "IPV4"
            ],
            "tags": {
              "Name": "coworkflow-db-subnet-group"
            },
            "tags_all": {
              "Name": "coworkflow-db-subnet-group",
              "Project": "CoworkFlow",
              "terraform": "tf-coworkflow"
            },
            "vpc_id": "vpc-0abe7bf133ca84d23"
          },
          "sensitive_attributes": [],
          "identity_schema_version": 0,
          "private": "bnVsbA==",
          "dependencies": [
            "aws_subnet.public_a",
            "aws_subnet.public_b",
            "aws_vpc.main"
          ]
        }
      ]
    },
    {
      "mode": "managed",
      "type": "aws_ecr_repository",
      "name": "services",
      "provider": "provider[\"registry.terraform.io/hashicorp/aws\"]",
      "instances": [
        {
          "index_key": "api-gateway",
          "schema_version": 0,
          "attributes": {
            "arn": "arn:aws:ecr:us-east-1:322194580427:repository/coworkflow/api-gateway",
            "encryption_configuration": [
              {
                "encryption_type": "AES256",
                "kms_key": ""
              }
            ],
            "force_delete": true,
            "id": "coworkflow/api-gateway",
            "image_scanning_configuration": [
              {
                "scan_on_push": true
              }
            ],
            "image_tag_mutability": "MUTABLE",
            "name": "coworkflow/api-gateway",
            "registry_id": "322194580427",
            "repository_url": "322194580427.dkr.ecr.us-east-1.amazonaws.com/coworkflow/api-gateway",
            "tags": {},
            "tags_all": {
              "Project": "CoworkFlow",
              "terraform": "tf-coworkflow"
            },
            "timeouts": null
          },
          "sensitive_attributes": [],
          "identity_schema_version": 0,
          "private": "eyJlMmJmYjczMC1lY2FhLTExZTYtOGY4OC0zNDM2M2JjN2M0YzAiOnsiZGVsZXRlIjoxMjAwMDAwMDAwMDAwfX0="
        },
        {
          "index_key": "frontend",
          "schema_version": 0,
          "attributes": {
            "arn": "arn:aws:ecr:us-east-1:322194580427:repository/coworkflow/frontend",
            "encryption_configuration": [
              {
                "encryption_type": "AES256",
                "kms_key": ""
              }
            ],
            "force_delete": true,
            "id": "coworkflow/frontend",
            "image_scanning_configuration": [
              {
                "scan_on_push": true
              }
            ],
            "image_tag_mutability": "MUTABLE",
            "name": "coworkflow/frontend",
            "registry_id": "322194580427",
            "repository_url": "322194580427.dkr.ecr.us-east-1.amazonaws.com/coworkflow/frontend",
            "tags": {},
            "tags_all": {
              "Project": "CoworkFlow",
              "terraform": "tf-coworkflow"
            },
            "timeouts": null
          },
          "sensitive_attributes": [],
          "identity_schema_version": 0,
          "private": "eyJlMmJmYjczMC1lY2FhLTExZTYtOGY4OC0zNDM2M2JjN2M0YzAiOnsiZGVsZXRlIjoxMjAwMDAwMDAwMDAwfX0="
        },
        {
          "index_key": "ms-analytics",
          "schema_version": 0,
          "attributes": {
            "arn": "arn:aws:ecr:us-east-1:322194580427:repository/coworkflow/ms-analytics",
            "encryption_configuration": [
              {
                "encryption_type": "AES256",
                "kms_key": ""
              }
            ],
            "force_delete": true,
            "id": "coworkflow/ms-analytics",
            "image_scanning_configuration": [
              {
                "scan_on_push": true
              }
            ],
            "image_tag_mutability": "MUTABLE",
            "name": "coworkflow/ms-analytics",
            "registry_id": "322194580427",
            "repository_url": "322194580427.dkr.ecr.us-east-1.amazonaws.com/coworkflow/ms-analytics",
            "tags": {},
            "tags_all": {
              "Project": "CoworkFlow",
              "terraform": "tf-coworkflow"
            },
            "timeouts": null
          },
          "sensitive_attributes": [],
          "identity_schema_version": 0,
          "private": "eyJlMmJmYjczMC1lY2FhLTExZTYtOGY4OC0zNDM2M2JjN2M0YzAiOnsiZGVsZXRlIjoxMjAwMDAwMDAwMDAwfX0="
        },
        {
          "index_key": "ms-checkin",
          "schema_version": 0,
          "attributes": {
            "arn": "arn:aws:ecr:us-east-1:322194580427:repository/coworkflow/ms-checkin",
            "encryption_configuration": [
              {
                "encryption_type": "AES256",
                "kms_key": ""
              }
            ],
            "force_delete": true,
            "id": "coworkflow/ms-checkin",
            "image_scanning_configuration": [
              {
                "scan_on_push": true
              }
            ],
            "image_tag_mutability": "MUTABLE",
            "name": "coworkflow/ms-checkin",
            "registry_id": "322194580427",
            "repository_url": "322194580427.dkr.ecr.us-east-1.amazonaws.com/coworkflow/ms-checkin",
            "tags": {},
            "tags_all": {
              "Project": "CoworkFlow",
              "terraform": "tf-coworkflow"
            },
            "timeouts": null
          },
          "sensitive_attributes": [],
          "identity_schema_version": 0,
          "private": "eyJlMmJmYjczMC1lY2FhLTExZTYtOGY4OC0zNDM2M2JjN2M0YzAiOnsiZGVsZXRlIjoxMjAwMDAwMDAwMDAwfX0="
        },
        {
          "index_key": "ms-espacos",
          "schema_version": 0,
          "attributes": {
            "arn": "arn:aws:ecr:us-east-1:322194580427:repository/coworkflow/ms-espacos",
            "encryption_configuration": [
              {
                "encryption_type": "AES256",
                "kms_key": ""
              }
            ],
            "force_delete": true,
            "id": "coworkflow/ms-espacos",
            "image_scanning_configuration": [
              {
                "scan_on_push": true
              }
            ],
            "image_tag_mutability": "MUTABLE",
            "name": "coworkflow/ms-espacos",
            "registry_id": "322194580427",
            "repository_url": "322194580427.dkr.ecr.us-east-1.amazonaws.com/coworkflow/ms-espacos",
            "tags": {},
            "tags_all": {
              "Project": "CoworkFlow",
              "terraform": "tf-coworkflow"
            },
            "timeouts": null
          },
          "sensitive_attributes": [],
          "identity_schema_version": 0,
          "private": "eyJlMmJmYjczMC1lY2FhLTExZTYtOGY4OC0zNDM2M2JjN2M0YzAiOnsiZGVsZXRlIjoxMjAwMDAwMDAwMDAwfX0="
        },
        {
          "index_key": "ms-financeiro",
          "schema_version": 0,
          "attributes": {
            "arn": "arn:aws:ecr:us-east-1:322194580427:repository/coworkflow/ms-financeiro",
            "encryption_configuration": [
              {
                "encryption_type": "AES256",
                "kms_key": ""
              }
            ],
            "force_delete": true,
            "id": "coworkflow/ms-financeiro",
            "image_scanning_configuration": [
              {
                "scan_on_push": true
              }
            ],
            "image_tag_mutability": "MUTABLE",
            "name": "coworkflow/ms-financeiro",
            "registry_id": "322194580427",
            "repository_url": "322194580427.dkr.ecr.us-east-1.amazonaws.com/coworkflow/ms-financeiro",
            "tags": {},
            "tags_all": {
              "Project": "CoworkFlow",
              "terraform": "tf-coworkflow"
            },
            "timeouts": null
          },
          "sensitive_attributes": [],
          "identity_schema_version": 0,
          "private": "eyJlMmJmYjczMC1lY2FhLTExZTYtOGY4OC0zNDM2M2JjN2M0YzAiOnsiZGVsZXRlIjoxMjAwMDAwMDAwMDAwfX0="
        },
        {
          "index_key": "ms-notificacoes",
          "schema_version": 0,
          "attributes": {
            "arn": "arn:aws:ecr:us-east-1:322194580427:repository/coworkflow/ms-notificacoes",
            "encryption_configuration": [
              {
                "encryption_type": "AES256",
                "kms_key": ""
              }
            ],
            "force_delete": true,
            "id": "coworkflow/ms-notificacoes",
            "image_scanning_configuration": [
              {
                "scan_on_push": true
              }
            ],
            "image_tag_mutability": "MUTABLE",
            "name": "coworkflow/ms-notificacoes",
            "registry_id": "322194580427",
            "repository_url": "322194580427.dkr.ecr.us-east-1.amazonaws.com/coworkflow/ms-notificacoes",
            "tags": {},
            "tags_all": {
              "Project": "CoworkFlow",
              "terraform": "tf-coworkflow"
            },
            "timeouts": null
          },
          "sensitive_attributes": [],
          "identity_schema_version": 0,
          "private": "eyJlMmJmYjczMC1lY2FhLTExZTYtOGY4OC0zNDM2M2JjN2M0YzAiOnsiZGVsZXRlIjoxMjAwMDAwMDAwMDAwfX0="
        },
        {
          "index_key": "ms-pagamentos",
          "schema_version": 0,
          "attributes": {
            "arn": "arn:aws:ecr:us-east-1:322194580427:repository/coworkflow/ms-pagamentos",
            "encryption_configuration": [
              {
                "encryption_type": "AES256",
                "kms_key": ""
              }
            ],
            "force_delete": true,
            "id": "coworkflow/ms-pagamentos",
            "image_scanning_configuration": [
              {
                "scan_on_push": true
              }
            ],
            "image_tag_mutability": "MUTABLE",
            "name": "coworkflow/ms-pagamentos",
            "registry_id": "322194580427",
            "repository_url": "322194580427.dkr.ecr.us-east-1.amazonaws.com/coworkflow/ms-pagamentos",
            "tags": {},
            "tags_all": {
              "Project": "CoworkFlow",
              "terraform": "tf-coworkflow"
            },
            "timeouts": null
          },
          "sensitive_attributes": [],
          "identity_schema_version": 0,
          "private": "eyJlMmJmYjczMC1lY2FhLTExZTYtOGY4OC0zNDM2M2JjN2M0YzAiOnsiZGVsZXRlIjoxMjAwMDAwMDAwMDAwfX0="
        },
        {
          "index_key": "ms-precos",
          "schema_version": 0,
          "attributes": {
            "arn": "arn:aws:ecr:us-east-1:322194580427:repository/coworkflow/ms-precos",
            "encryption_configuration": [
              {
                "encryption_type": "AES256",
                "kms_key": ""
              }
            ],
            "force_delete": true,
            "id": "coworkflow/ms-precos",
            "image_scanning_configuration": [
              {
                "scan_on_push": true
              }
            ],
            "image_tag_mutability": "MUTABLE",
            "name": "coworkflow/ms-precos",
            "registry_id": "322194580427",
            "repository_url": "322194580427.dkr.ecr.us-east-1.amazonaws.com/coworkflow/ms-precos",
            "tags": {},
            "tags_all": {
              "Project": "CoworkFlow",
              "terraform": "tf-coworkflow"
            },
            "timeouts": null
          },
          "sensitive_attributes": [],
          "identity_schema_version": 0,
          "private": "eyJlMmJmYjczMC1lY2FhLTExZTYtOGY4OC0zNDM2M2JjN2M0YzAiOnsiZGVsZXRlIjoxMjAwMDAwMDAwMDAwfX0="
        },
        {
          "index_key": "ms-reservas",
          "schema_version": 0,
          "attributes": {
            "arn": "arn:aws:ecr:us-east-1:322194580427:repository/coworkflow/ms-reservas",
            "encryption_configuration": [
              {
                "encryption_type": "AES256",
                "kms_key": ""
              }
            ],
            "force_delete": true,
            "id": "coworkflow/ms-reservas",
            "image_scanning_configuration": [
              {
                "scan_on_push": true
              }
            ],
            "image_tag_mutability": "MUTABLE",
            "name": "coworkflow/ms-reservas",
            "registry_id": "322194580427",
            "repository_url": "322194580427.dkr.ecr.us-east-1.amazonaws.com/coworkflow/ms-reservas",
            "tags": {},
            "tags_all": {
              "Project": "CoworkFlow",
              "terraform": "tf-coworkflow"
            },
            "timeouts": null
          },
          "sensitive_attributes": [],
          "identity_schema_version": 0,
          "private": "eyJlMmJmYjczMC1lY2FhLTExZTYtOGY4OC0zNDM2M2JjN2M0YzAiOnsiZGVsZXRlIjoxMjAwMDAwMDAwMDAwfX0="
        },
        {
          "index_key": "ms-usuarios",
          "schema_version": 0,
          "attributes": {
            "arn": "arn:aws:ecr:us-east-1:322194580427:repository/coworkflow/ms-usuarios",
            "encryption_configuration": [
              {
                "encryption_type": "AES256",
                "kms_key": ""
              }
            ],
            "force_delete": true,
            "id": "coworkflow/ms-usuarios",
            "image_scanning_configuration": [
              {
                "scan_on_push": true
              }
            ],
            "image_tag_mutability": "MUTABLE",
            "name": "coworkflow/ms-usuarios",
            "registry_id": "322194580427",
            "repository_url": "322194580427.dkr.ecr.us-east-1.amazonaws.com/coworkflow/ms-usuarios",
            "tags": {},
            "tags_all": {
              "Project": "CoworkFlow",
              "terraform": "tf-coworkflow"
            },
            "timeouts": null
          },
          "sensitive_attributes": [],
          "identity_schema_version": 0,
          "private": "eyJlMmJmYjczMC1lY2FhLTExZTYtOGY4OC0zNDM2M2JjN2M0YzAiOnsiZGVsZXRlIjoxMjAwMDAwMDAwMDAwfX0="
        }
      ]
    },
    {
      "mode": "managed",
      "type": "aws_ecs_cluster",
      "name": "main",
      "provider": "provider[\"registry.terraform.io/hashicorp/aws\"]",
      "instances": [
        {
          "schema_version": 0,
          "attributes": {
            "arn": "arn:aws:ecs:us-east-1:322194580427:cluster/coworkflow-cluster",
            "capacity_providers": [
              "FARGATE"
            ],
            "configuration": [],
            "default_capacity_provider_strategy": [
              {
                "base": 1,
                "capacity_provider": "FARGATE",
                "weight": 100
              }
            ],
            "id": "arn:aws:ecs:us-east-1:322194580427:cluster/coworkflow-cluster",
            "name": "coworkflow-cluster",
            "service_connect_defaults": [],
            "setting": [
              {
                "name": "containerInsights",
                "value": "disabled"
              }
            ],
            "tags": {},
            "tags_all": {
              "Project": "CoworkFlow",
              "terraform": "tf-coworkflow"
            }
          },
          "sensitive_attributes": [],
          "identity_schema_version": 0,
          "private": "bnVsbA=="
        }
      ]
    },
    {
      "mode": "managed",
      "type": "aws_ecs_cluster_capacity_providers",
      "name": "main",
      "provider": "provider[\"registry.terraform.io/hashicorp/aws\"]",
      "instances": [
        {
          "schema_version": 0,
          "attributes": {
            "capacity_providers": [
              "FARGATE"
            ],
            "cluster_name": "coworkflow-cluster",
            "default_capacity_provider_strategy": [
              {
                "base": 1,
                "capacity_provider": "FARGATE",
                "weight": 100
              }
            ],
            "id": "coworkflow-cluster"
          },
          "sensitive_attributes": [],
          "identity_schema_version": 0,
          "private": "bnVsbA==",
          "dependencies": [
            "aws_ecs_cluster.main"
          ]
        }
      ]
    },
    {
      "mode": "managed",
      "type": "aws_ecs_service",
      "name": "main",
      "provider": "provider[\"registry.terraform.io/hashicorp/aws\"]",
      "instances": [
        {
          "index_key": "api-gateway",
          "schema_version": 0,
          "attributes": {
            "alarms": [],
            "capacity_provider_strategy": [],
            "cluster": "arn:aws:ecs:us-east-1:322194580427:cluster/coworkflow-cluster",
            "deployment_circuit_breaker": [
              {
                "enable": false,
                "rollback": false
              }
            ],
            "deployment_controller": [
              {
                "type": "ECS"
              }
            ],
            "deployment_maximum_percent": 200,
            "deployment_minimum_healthy_percent": 100,
            "desired_count": 1,
            "enable_ecs_managed_tags": false,
            "enable_execute_command": false,
            "force_new_deployment": null,
            "health_check_grace_period_seconds": 0,
            "iam_role": "/aws-service-role/ecs.amazonaws.com/AWSServiceRoleForECS",
            "id": "arn:aws:ecs:us-east-1:322194580427:service/coworkflow-cluster/api-gateway-service",
            "launch_type": "FARGATE",
            "load_balancer": [
              {
                "container_name": "api-gateway-container",
                "container_port": 8000,
                "elb_name": "",
                "target_group_arn": "arn:aws:elasticloadbalancing:us-east-1:322194580427:targetgroup/coworkflow-tg-api/0484778b2996dfad"
              }
            ],
            "name": "api-gateway-service",
            "network_configuration": [
              {
                "assign_public_ip": true,
                "security_groups": [
                  "sg-05183d2453bd93e46"
                ],
                "subnets": [
                  "subnet-05bc5e3dc8710d943",
                  "subnet-087f785d163416330"
                ]
              }
            ],
            "ordered_placement_strategy": [],
            "placement_constraints": [],
            "platform_version": "LATEST",
            "propagate_tags": "NONE",
            "scheduling_strategy": "REPLICA",
            "service_connect_configuration": [],
            "service_registries": [],
            "tags": {},
            "tags_all": {
              "Project": "CoworkFlow",
              "terraform": "tf-coworkflow"
            },
            "task_definition": "arn:aws:ecs:us-east-1:322194580427:task-definition/api-gateway-task:3",
            "timeouts": null,
            "triggers": {},
            "wait_for_steady_state": false
          },
          "sensitive_attributes": [],
          "identity_schema_version": 0,
          "private": "eyJlMmJmYjczMC1lY2FhLTExZTYtOGY4OC0zNDM2M2JjN2M0YzAiOnsiY3JlYXRlIjoxMjAwMDAwMDAwMDAwLCJkZWxldGUiOjEyMDAwMDAwMDAwMDAsInVwZGF0ZSI6MTIwMDAwMDAwMDAwMH19",
          "dependencies": [
            "aws_db_instance.postgres",
            "aws_db_subnet_group.default",
            "aws_ecr_repository.services",
            "aws_ecs_cluster.main",
            "aws_ecs_task_definition.main",
            "aws_iam_role.ecs_execution_role",
            "aws_lb_target_group.api_gateway",
            "aws_lb_target_group.frontend",
            "aws_security_group.alb_sg",
            "aws_security_group.db_sg",
            "aws_security_group.ecs_tasks_sg",
            "aws_subnet.public_a",
            "aws_subnet.public_b",
            "aws_vpc.main"
          ]
        },
        {
          "index_key": "frontend",
          "schema_version": 0,
          "attributes": {
            "alarms": [],
            "capacity_provider_strategy": [],
            "cluster": "arn:aws:ecs:us-east-1:322194580427:cluster/coworkflow-cluster",
            "deployment_circuit_breaker": [
              {
                "enable": false,
                "rollback": false
              }
            ],
            "deployment_controller": [
              {
                "type": "ECS"
              }
            ],
            "deployment_maximum_percent": 200,
            "deployment_minimum_healthy_percent": 100,
            "desired_count": 1,
            "enable_ecs_managed_tags": false,
            "enable_execute_command": false,
            "force_new_deployment": null,
            "health_check_grace_period_seconds": 0,
            "iam_role": "/aws-service-role/ecs.amazonaws.com/AWSServiceRoleForECS",
            "id": "arn:aws:ecs:us-east-1:322194580427:service/coworkflow-cluster/frontend-service",
            "launch_type": "FARGATE",
            "load_balancer": [
              {
                "container_name": "frontend-container",
                "container_port": 80,
                "elb_name": "",
                "target_group_arn": "arn:aws:elasticloadbalancing:us-east-1:322194580427:targetgroup/coworkflow-tg-frontend/e1e0d5f7a4fd94ff"
              }
            ],
            "name": "frontend-service",
            "network_configuration": [
              {
                "assign_public_ip": true,
                "security_groups": [
                  "sg-05183d2453bd93e46"
                ],
                "subnets": [
                  "subnet-05bc5e3dc8710d943",
                  "subnet-087f785d163416330"
                ]
              }
            ],
            "ordered_placement_strategy": [],
            "placement_constraints": [],
            "platform_version": "LATEST",
            "propagate_tags": "NONE",
            "scheduling_strategy": "REPLICA",
            "service_connect_configuration": [],
            "service_registries": [],
            "tags": {},
            "tags_all": {
              "Project": "CoworkFlow",
              "terraform": "tf-coworkflow"
            },
            "task_definition": "arn:aws:ecs:us-east-1:322194580427:task-definition/frontend-task:3",
            "timeouts": null,
            "triggers": {},
            "wait_for_steady_state": false
          },
          "sensitive_attributes": [],
          "identity_schema_version": 0,
          "private": "eyJlMmJmYjczMC1lY2FhLTExZTYtOGY4OC0zNDM2M2JjN2M0YzAiOnsiY3JlYXRlIjoxMjAwMDAwMDAwMDAwLCJkZWxldGUiOjEyMDAwMDAwMDAwMDAsInVwZGF0ZSI6MTIwMDAwMDAwMDAwMH19",
          "dependencies": [
            "aws_db_instance.postgres",
            "aws_db_subnet_group.default",
            "aws_ecr_repository.services",
            "aws_ecs_cluster.main",
            "aws_ecs_task_definition.main",
            "aws_iam_role.ecs_execution_role",
            "aws_lb_target_group.api_gateway",
            "aws_lb_target_group.frontend",
            "aws_security_group.alb_sg",
            "aws_security_group.db_sg",
            "aws_security_group.ecs_tasks_sg",
            "aws_subnet.public_a",
            "aws_subnet.public_b",
            "aws_vpc.main"
          ]
        },
        {
          "index_key": "ms-analytics",
          "schema_version": 0,
          "attributes": {
            "alarms": [],
            "capacity_provider_strategy": [],
            "cluster": "arn:aws:ecs:us-east-1:322194580427:cluster/coworkflow-cluster",
            "deployment_circuit_breaker": [
              {
                "enable": false,
                "rollback": false
              }
            ],
            "deployment_controller": [
              {
                "type": "ECS"
              }
            ],
            "deployment_maximum_percent": 200,
            "deployment_minimum_healthy_percent": 100,
            "desired_count": 1,
            "enable_ecs_managed_tags": false,
            "enable_execute_command": false,
            "force_new_deployment": null,
            "health_check_grace_period_seconds": 0,
            "iam_role": "/aws-service-role/ecs.amazonaws.com/AWSServiceRoleForECS",
            "id": "arn:aws:ecs:us-east-1:322194580427:service/coworkflow-cluster/ms-analytics-service",
            "launch_type": "FARGATE",
            "load_balancer": [],
            "name": "ms-analytics-service",
            "network_configuration": [
              {
                "assign_public_ip": true,
                "security_groups": [
                  "sg-05183d2453bd93e46"
                ],
                "subnets": [
                  "subnet-05bc5e3dc8710d943",
                  "subnet-087f785d163416330"
                ]
              }
            ],
            "ordered_placement_strategy": [],
            "placement_constraints": [],
            "platform_version": "LATEST",
            "propagate_tags": "NONE",
            "scheduling_strategy": "REPLICA",
            "service_connect_configuration": [],
            "service_registries": [],
            "tags": {},
            "tags_all": {
              "Project": "CoworkFlow",
              "terraform": "tf-coworkflow"
            },
            "task_definition": "arn:aws:ecs:us-east-1:322194580427:task-definition/ms-analytics-task:3",
            "timeouts": null,
            "triggers": {},
            "wait_for_steady_state": false
          },
          "sensitive_attributes": [],
          "identity_schema_version": 0,
          "private": "eyJlMmJmYjczMC1lY2FhLTExZTYtOGY4OC0zNDM2M2JjN2M0YzAiOnsiY3JlYXRlIjoxMjAwMDAwMDAwMDAwLCJkZWxldGUiOjEyMDAwMDAwMDAwMDAsInVwZGF0ZSI6MTIwMDAwMDAwMDAwMH19",
          "dependencies": [
            "aws_db_instance.postgres",
            "aws_db_subnet_group.default",
            "aws_ecr_repository.services",
            "aws_ecs_cluster.main",
            "aws_ecs_task_definition.main",
            "aws_iam_role.ecs_execution_role",
            "aws_lb_target_group.api_gateway",
            "aws_lb_target_group.frontend",
            "aws_security_group.alb_sg",
            "aws_security_group.db_sg",
            "aws_security_group.ecs_tasks_sg",
            "aws_subnet.public_a",
            "aws_subnet.public_b",
            "aws_vpc.main"
          ]
        },
        {
          "index_key": "ms-checkin",
          "schema_version": 0,
          "attributes": {
            "alarms": [],
            "capacity_provider_strategy": [],
            "cluster": "arn:aws:ecs:us-east-1:322194580427:cluster/coworkflow-cluster",
            "deployment_circuit_breaker": [
              {
                "enable": false,
                "rollback": false
              }
            ],
            "deployment_controller": [
              {
                "type": "ECS"
              }
            ],
            "deployment_maximum_percent": 200,
            "deployment_minimum_healthy_percent": 100,
            "desired_count": 1,
            "enable_ecs_managed_tags": false,
            "enable_execute_command": false,
            "force_new_deployment": null,
            "health_check_grace_period_seconds": 0,
            "iam_role": "/aws-service-role/ecs.amazonaws.com/AWSServiceRoleForECS",
            "id": "arn:aws:ecs:us-east-1:322194580427:service/coworkflow-cluster/ms-checkin-service",
            "launch_type": "FARGATE",
            "load_balancer": [],
            "name": "ms-checkin-service",
            "network_configuration": [
              {
                "assign_public_ip": true,
                "security_groups": [
                  "sg-05183d2453bd93e46"
                ],
                "subnets": [
                  "subnet-05bc5e3dc8710d943",
                  "subnet-087f785d163416330"
                ]
              }
            ],
            "ordered_placement_strategy": [],
            "placement_constraints": [],
            "platform_version": "LATEST",
            "propagate_tags": "NONE",
            "scheduling_strategy": "REPLICA",
            "service_connect_configuration": [],
            "service_registries": [],
            "tags": {},
            "tags_all": {
              "Project": "CoworkFlow",
              "terraform": "tf-coworkflow"
            },
            "task_definition": "arn:aws:ecs:us-east-1:322194580427:task-definition/ms-checkin-task:3",
            "timeouts": null,
            "triggers": {},
            "wait_for_steady_state": false
          },
          "sensitive_attributes": [],
          "identity_schema_version": 0,
          "private": "eyJlMmJmYjczMC1lY2FhLTExZTYtOGY4OC0zNDM2M2JjN2M0YzAiOnsiY3JlYXRlIjoxMjAwMDAwMDAwMDAwLCJkZWxldGUiOjEyMDAwMDAwMDAwMDAsInVwZGF0ZSI6MTIwMDAwMDAwMDAwMH19",
          "dependencies": [
            "aws_db_instance.postgres",
            "aws_db_subnet_group.default",
            "aws_ecr_repository.services",
            "aws_ecs_cluster.main",
            "aws_ecs_task_definition.main",
            "aws_iam_role.ecs_execution_role",
            "aws_lb_target_group.api_gateway",
            "aws_lb_target_group.frontend",
            "aws_security_group.alb_sg",
            "aws_security_group.db_sg",
            "aws_security_group.ecs_tasks_sg",
            "aws_subnet.public_a",
            "aws_subnet.public_b",
            "aws_vpc.main"
          ]
        },
        {
          "index_key": "ms-espacos",
          "schema_version": 0,
          "attributes": {
            "alarms": [],
            "capacity_provider_strategy": [],
            "cluster": "arn:aws:ecs:us-east-1:322194580427:cluster/coworkflow-cluster",
            "deployment_circuit_breaker": [
              {
                "enable": false,
                "rollback": false
              }
            ],
            "deployment_controller": [
              {
                "type": "ECS"
              }
            ],
            "deployment_maximum_percent": 200,
            "deployment_minimum_healthy_percent": 100,
            "desired_count": 1,
            "enable_ecs_managed_tags": false,
            "enable_execute_command": false,
            "force_new_deployment": null,
            "health_check_grace_period_seconds": 0,
            "iam_role": "/aws-service-role/ecs.amazonaws.com/AWSServiceRoleForECS",
            "id": "arn:aws:ecs:us-east-1:322194580427:service/coworkflow-cluster/ms-espacos-service",
            "launch_type": "FARGATE",
            "load_balancer": [],
            "name": "ms-espacos-service",
            "network_configuration": [
              {
                "assign_public_ip": true,
                "security_groups": [
                  "sg-05183d2453bd93e46"
                ],
                "subnets": [
                  "subnet-05bc5e3dc8710d943",
                  "subnet-087f785d163416330"
                ]
              }
            ],
            "ordered_placement_strategy": [],
            "placement_constraints": [],
            "platform_version": "LATEST",
            "propagate_tags": "NONE",
            "scheduling_strategy": "REPLICA",
            "service_connect_configuration": [],
            "service_registries": [],
            "tags": {},
            "tags_all": {
              "Project": "CoworkFlow",
              "terraform": "tf-coworkflow"
            },
            "task_definition": "arn:aws:ecs:us-east-1:322194580427:task-definition/ms-espacos-task:3",
            "timeouts": null,
            "triggers": {},
            "wait_for_steady_state": false
          },
          "sensitive_attributes": [],
          "identity_schema_version": 0,
          "private": "eyJlMmJmYjczMC1lY2FhLTExZTYtOGY4OC0zNDM2M2JjN2M0YzAiOnsiY3JlYXRlIjoxMjAwMDAwMDAwMDAwLCJkZWxldGUiOjEyMDAwMDAwMDAwMDAsInVwZGF0ZSI6MTIwMDAwMDAwMDAwMH19",
          "dependencies": [
            "aws_db_instance.postgres",
            "aws_db_subnet_group.default",
            "aws_ecr_repository.services",
            "aws_ecs_cluster.main",
            "aws_ecs_task_definition.main",
            "aws_iam_role.ecs_execution_role",
            "aws_lb_target_group.api_gateway",
            "aws_lb_target_group.frontend",
            "aws_security_group.alb_sg",
            "aws_security_group.db_sg",
            "aws_security_group.ecs_tasks_sg",
            "aws_subnet.public_a",
            "aws_subnet.public_b",
            "aws_vpc.main"
          ]
        },
        {
          "index_key": "ms-financeiro",
          "schema_version": 0,
          "attributes": {
            "alarms": [],
            "capacity_provider_strategy": [],
            "cluster": "arn:aws:ecs:us-east-1:322194580427:cluster/coworkflow-cluster",
            "deployment_circuit_breaker": [
              {
                "enable": false,
                "rollback": false
              }
            ],
            "deployment_controller": [
              {
                "type": "ECS"
              }
            ],
            "deployment_maximum_percent": 200,
            "deployment_minimum_healthy_percent": 100,
            "desired_count": 1,
            "enable_ecs_managed_tags": false,
            "enable_execute_command": false,
            "force_new_deployment": null,
            "health_check_grace_period_seconds": 0,
            "iam_role": "/aws-service-role/ecs.amazonaws.com/AWSServiceRoleForECS",
            "id": "arn:aws:ecs:us-east-1:322194580427:service/coworkflow-cluster/ms-financeiro-service",
            "launch_type": "FARGATE",
            "load_balancer": [],
            "name": "ms-financeiro-service",
            "network_configuration": [
              {
                "assign_public_ip": true,
                "security_groups": [
                  "sg-05183d2453bd93e46"
                ],
                "subnets": [
                  "subnet-05bc5e3dc8710d943",
                  "subnet-087f785d163416330"
                ]
              }
            ],
            "ordered_placement_strategy": [],
            "placement_constraints": [],
            "platform_version": "LATEST",
            "propagate_tags": "NONE",
            "scheduling_strategy": "REPLICA",
            "service_connect_configuration": [],
            "service_registries": [],
            "tags": {},
            "tags_all": {
              "Project": "CoworkFlow",
              "terraform": "tf-coworkflow"
            },
            "task_definition": "arn:aws:ecs:us-east-1:322194580427:task-definition/ms-financeiro-task:3",
            "timeouts": null,
            "triggers": {},
            "wait_for_steady_state": false
          },
          "sensitive_attributes": [],
          "identity_schema_version": 0,
          "private": "eyJlMmJmYjczMC1lY2FhLTExZTYtOGY4OC0zNDM2M2JjN2M0YzAiOnsiY3JlYXRlIjoxMjAwMDAwMDAwMDAwLCJkZWxldGUiOjEyMDAwMDAwMDAwMDAsInVwZGF0ZSI6MTIwMDAwMDAwMDAwMH19",
          "dependencies": [
            "aws_db_instance.postgres",
            "aws_db_subnet_group.default",
            "aws_ecr_repository.services",
            "aws_ecs_cluster.main",
            "aws_ecs_task_definition.main",
            "aws_iam_role.ecs_execution_role",
            "aws_lb_target_group.api_gateway",
            "aws_lb_target_group.frontend",
            "aws_security_group.alb_sg",
            "aws_security_group.db_sg",
            "aws_security_group.ecs_tasks_sg",
            "aws_subnet.public_a",
            "aws_subnet.public_b",
            "aws_vpc.main"
          ]
        },
        {
          "index_key": "ms-notificacoes",
          "schema_version": 0,
          "attributes": {
            "alarms": [],
            "capacity_provider_strategy": [],
            "cluster": "arn:aws:ecs:us-east-1:322194580427:cluster/coworkflow-cluster",
            "deployment_circuit_breaker": [
              {
                "enable": false,
                "rollback": false
              }
            ],
            "deployment_controller": [
              {
                "type": "ECS"
              }
            ],
            "deployment_maximum_percent": 200,
            "deployment_minimum_healthy_percent": 100,
            "desired_count": 1,
            "enable_ecs_managed_tags": false,
            "enable_execute_command": false,
            "force_new_deployment": null,
            "health_check_grace_period_seconds": 0,
            "iam_role": "/aws-service-role/ecs.amazonaws.com/AWSServiceRoleForECS",
            "id": "arn:aws:ecs:us-east-1:322194580427:service/coworkflow-cluster/ms-notificacoes-service",
            "launch_type": "FARGATE",
            "load_balancer": [],
            "name": "ms-notificacoes-service",
            "network_configuration": [
              {
                "assign_public_ip": true,
                "security_groups": [
                  "sg-05183d2453bd93e46"
                ],
                "subnets": [
                  "subnet-05bc5e3dc8710d943",
                  "subnet-087f785d163416330"
                ]
              }
            ],
            "ordered_placement_strategy": [],
            "placement_constraints": [],
            "platform_version": "LATEST",
            "propagate_tags": "NONE",
            "scheduling_strategy": "REPLICA",
            "service_connect_configuration": [],
            "service_registries": [],
            "tags": {},
            "tags_all": {
              "Project": "CoworkFlow",
              "terraform": "tf-coworkflow"
            },
            "task_definition": "arn:aws:ecs:us-east-1:322194580427:task-definition/ms-notificacoes-task:3",
            "timeouts": null,
            "triggers": {},
            "wait_for_steady_state": false
          },
          "sensitive_attributes": [],
          "identity_schema_version": 0,
          "private": "eyJlMmJmYjczMC1lY2FhLTExZTYtOGY4OC0zNDM2M2JjN2M0YzAiOnsiY3JlYXRlIjoxMjAwMDAwMDAwMDAwLCJkZWxldGUiOjEyMDAwMDAwMDAwMDAsInVwZGF0ZSI6MTIwMDAwMDAwMDAwMH19",
          "dependencies": [
            "aws_db_instance.postgres",
            "aws_db_subnet_group.default",
            "aws_ecr_repository.services",
            "aws_ecs_cluster.main",
            "aws_ecs_task_definition.main",
            "aws_iam_role.ecs_execution_role",
            "aws_lb_target_group.api_gateway",
            "aws_lb_target_group.frontend",
            "aws_security_group.alb_sg",
            "aws_security_group.db_sg",
            "aws_security_group.ecs_tasks_sg",
            "aws_subnet.public_a",
            "aws_subnet.public_b",
            "aws_vpc.main"
          ]
        },
        {
          "index_key": "ms-pagamentos",
          "schema_version": 0,
          "attributes": {
            "alarms": [],
            "capacity_provider_strategy": [],
            "cluster": "arn:aws:ecs:us-east-1:322194580427:cluster/coworkflow-cluster",
            "deployment_circuit_breaker": [
              {
                "enable": false,
                "rollback": false
              }
            ],
            "deployment_controller": [
              {
                "type": "ECS"
              }
            ],
            "deployment_maximum_percent": 200,
            "deployment_minimum_healthy_percent": 100,
            "desired_count": 1,
            "enable_ecs_managed_tags": false,
            "enable_execute_command": false,
            "force_new_deployment": null,
            "health_check_grace_period_seconds": 0,
            "iam_role": "/aws-service-role/ecs.amazonaws.com/AWSServiceRoleForECS",
            "id": "arn:aws:ecs:us-east-1:322194580427:service/coworkflow-cluster/ms-pagamentos-service",
            "launch_type": "FARGATE",
            "load_balancer": [],
            "name": "ms-pagamentos-service",
            "network_configuration": [
              {
                "assign_public_ip": true,
                "security_groups": [
                  "sg-05183d2453bd93e46"
                ],
                "subnets": [
                  "subnet-05bc5e3dc8710d943",
                  "subnet-087f785d163416330"
                ]
              }
            ],
            "ordered_placement_strategy": [],
            "placement_constraints": [],
            "platform_version": "LATEST",
            "propagate_tags": "NONE",
            "scheduling_strategy": "REPLICA",
            "service_connect_configuration": [],
            "service_registries": [],
            "tags": {},
            "tags_all": {
              "Project": "CoworkFlow",
              "terraform": "tf-coworkflow"
            },
            "task_definition": "arn:aws:ecs:us-east-1:322194580427:task-definition/ms-pagamentos-task:3",
            "timeouts": null,
            "triggers": {},
            "wait_for_steady_state": false
          },
          "sensitive_attributes": [],
          "identity_schema_version": 0,
          "private": "eyJlMmJmYjczMC1lY2FhLTExZTYtOGY4OC0zNDM2M2JjN2M0YzAiOnsiY3JlYXRlIjoxMjAwMDAwMDAwMDAwLCJkZWxldGUiOjEyMDAwMDAwMDAwMDAsInVwZGF0ZSI6MTIwMDAwMDAwMDAwMH19",
          "dependencies": [
            "aws_db_instance.postgres",
            "aws_db_subnet_group.default",
            "aws_ecr_repository.services",
            "aws_ecs_cluster.main",
            "aws_ecs_task_definition.main",
            "aws_iam_role.ecs_execution_role",
            "aws_lb_target_group.api_gateway",
            "aws_lb_target_group.frontend",
            "aws_security_group.alb_sg",
            "aws_security_group.db_sg",
            "aws_security_group.ecs_tasks_sg",
            "aws_subnet.public_a",
            "aws_subnet.public_b",
            "aws_vpc.main"
          ]
        },
        {
          "index_key": "ms-precos",
          "schema_version": 0,
          "attributes": {
            "alarms": [],
            "capacity_provider_strategy": [],
            "cluster": "arn:aws:ecs:us-east-1:322194580427:cluster/coworkflow-cluster",
            "deployment_circuit_breaker": [
              {
                "enable": false,
                "rollback": false
              }
            ],
            "deployment_controller": [
              {
                "type": "ECS"
              }
            ],
            "deployment_maximum_percent": 200,
            "deployment_minimum_healthy_percent": 100,
            "desired_count": 1,
            "enable_ecs_managed_tags": false,
            "enable_execute_command": false,
            "force_new_deployment": null,
            "health_check_grace_period_seconds": 0,
            "iam_role": "/aws-service-role/ecs.amazonaws.com/AWSServiceRoleForECS",
            "id": "arn:aws:ecs:us-east-1:322194580427:service/coworkflow-cluster/ms-precos-service",
            "launch_type": "FARGATE",
            "load_balancer": [],
            "name": "ms-precos-service",
            "network_configuration": [
              {
                "assign_public_ip": true,
                "security_groups": [
                  "sg-05183d2453bd93e46"
                ],
                "subnets": [
                  "subnet-05bc5e3dc8710d943",
                  "subnet-087f785d163416330"
                ]
              }
            ],
            "ordered_placement_strategy": [],
            "placement_constraints": [],
            "platform_version": "LATEST",
            "propagate_tags": "NONE",
            "scheduling_strategy": "REPLICA",
            "service_connect_configuration": [],
            "service_registries": [],
            "tags": {},
            "tags_all": {
              "Project": "CoworkFlow",
              "terraform": "tf-coworkflow"
            },
            "task_definition": "arn:aws:ecs:us-east-1:322194580427:task-definition/ms-precos-task:3",
            "timeouts": null,
            "triggers": {},
            "wait_for_steady_state": false
          },
          "sensitive_attributes": [],
          "identity_schema_version": 0,
          "private": "eyJlMmJmYjczMC1lY2FhLTExZTYtOGY4OC0zNDM2M2JjN2M0YzAiOnsiY3JlYXRlIjoxMjAwMDAwMDAwMDAwLCJkZWxldGUiOjEyMDAwMDAwMDAwMDAsInVwZGF0ZSI6MTIwMDAwMDAwMDAwMH19",
          "dependencies": [
            "aws_db_instance.postgres",
            "aws_db_subnet_group.default",
            "aws_ecr_repository.services",
            "aws_ecs_cluster.main",
            "aws_ecs_task_definition.main",
            "aws_iam_role.ecs_execution_role",
            "aws_lb_target_group.api_gateway",
            "aws_lb_target_group.frontend",
            "aws_security_group.alb_sg",
            "aws_security_group.db_sg",
            "aws_security_group.ecs_tasks_sg",
            "aws_subnet.public_a",
            "aws_subnet.public_b",
            "aws_vpc.main"
          ]
        },
        {
          "index_key": "ms-reservas",
          "schema_version": 0,
          "attributes": {
            "alarms": [],
            "capacity_provider_strategy": [],
            "cluster": "arn:aws:ecs:us-east-1:322194580427:cluster/coworkflow-cluster",
            "deployment_circuit_breaker": [
              {
                "enable": false,
                "rollback": false
              }
            ],
            "deployment_controller": [
              {
                "type": "ECS"
              }
            ],
            "deployment_maximum_percent": 200,
            "deployment_minimum_healthy_percent": 100,
            "desired_count": 1,
            "enable_ecs_managed_tags": false,
            "enable_execute_command": false,
            "force_new_deployment": null,
            "health_check_grace_period_seconds": 0,
            "iam_role": "/aws-service-role/ecs.amazonaws.com/AWSServiceRoleForECS",
            "id": "arn:aws:ecs:us-east-1:322194580427:service/coworkflow-cluster/ms-reservas-service",
            "launch_type": "FARGATE",
            "load_balancer": [],
            "name": "ms-reservas-service",
            "network_configuration": [
              {
                "assign_public_ip": true,
                "security_groups": [
                  "sg-05183d2453bd93e46"
                ],
                "subnets": [
                  "subnet-05bc5e3dc8710d943",
                  "subnet-087f785d163416330"
                ]
              }
            ],
            "ordered_placement_strategy": [],
            "placement_constraints": [],
            "platform_version": "LATEST",
            "propagate_tags": "NONE",
            "scheduling_strategy": "REPLICA",
            "service_connect_configuration": [],
            "service_registries": [],
            "tags": {},
            "tags_all": {
              "Project": "CoworkFlow",
              "terraform": "tf-coworkflow"
            },
            "task_definition": "arn:aws:ecs:us-east-1:322194580427:task-definition/ms-reservas-task:3",
            "timeouts": null,
            "triggers": {},
            "wait_for_steady_state": false
          },
          "sensitive_attributes": [],
          "identity_schema_version": 0,
          "private": "eyJlMmJmYjczMC1lY2FhLTExZTYtOGY4OC0zNDM2M2JjN2M0YzAiOnsiY3JlYXRlIjoxMjAwMDAwMDAwMDAwLCJkZWxldGUiOjEyMDAwMDAwMDAwMDAsInVwZGF0ZSI6MTIwMDAwMDAwMDAwMH19",
          "dependencies": [
            "aws_db_instance.postgres",
            "aws_db_subnet_group.default",
            "aws_ecr_repository.services",
            "aws_ecs_cluster.main",
            "aws_ecs_task_definition.main",
            "aws_iam_role.ecs_execution_role",
            "aws_lb_target_group.api_gateway",
            "aws_lb_target_group.frontend",
            "aws_security_group.alb_sg",
            "aws_security_group.db_sg",
            "aws_security_group.ecs_tasks_sg",
            "aws_subnet.public_a",
            "aws_subnet.public_b",
            "aws_vpc.main"
          ]
        },
        {
          "index_key": "ms-usuarios",
          "schema_version": 0,
          "attributes": {
            "alarms": [],
            "capacity_provider_strategy": [],
            "cluster": "arn:aws:ecs:us-east-1:322194580427:cluster/coworkflow-cluster",
            "deployment_circuit_breaker": [
              {
                "enable": false,
                "rollback": false
              }
            ],
            "deployment_controller": [
              {
                "type": "ECS"
              }
            ],
            "deployment_maximum_percent": 200,
            "deployment_minimum_healthy_percent": 100,
            "desired_count": 1,
            "enable_ecs_managed_tags": false,
            "enable_execute_command": false,
            "force_new_deployment": null,
            "health_check_grace_period_seconds": 0,
            "iam_role": "/aws-service-role/ecs.amazonaws.com/AWSServiceRoleForECS",
            "id": "arn:aws:ecs:us-east-1:322194580427:service/coworkflow-cluster/ms-usuarios-service",
            "launch_type": "FARGATE",
            "load_balancer": [],
            "name": "ms-usuarios-service",
            "network_configuration": [
              {
                "assign_public_ip": true,
                "security_groups": [
                  "sg-05183d2453bd93e46"
                ],
                "subnets": [
                  "subnet-05bc5e3dc8710d943",
                  "subnet-087f785d163416330"
                ]
              }
            ],
            "ordered_placement_strategy": [],
            "placement_constraints": [],
            "platform_version": "LATEST",
            "propagate_tags": "NONE",
            "scheduling_strategy": "REPLICA",
            "service_connect_configuration": [],
            "service_registries": [],
            "tags": {},
            "tags_all": {
              "Project": "CoworkFlow",
              "terraform": "tf-coworkflow"
            },
            "task_definition": "arn:aws:ecs:us-east-1:322194580427:task-definition/ms-usuarios-task:3",
            "timeouts": null,
            "triggers": {},
            "wait_for_steady_state": false
          },
          "sensitive_attributes": [],
          "identity_schema_version": 0,
          "private": "eyJlMmJmYjczMC1lY2FhLTExZTYtOGY4OC0zNDM2M2JjN2M0YzAiOnsiY3JlYXRlIjoxMjAwMDAwMDAwMDAwLCJkZWxldGUiOjEyMDAwMDAwMDAwMDAsInVwZGF0ZSI6MTIwMDAwMDAwMDAwMH19",
          "dependencies": [
            "aws_db_instance.postgres",
            "aws_db_subnet_group.default",
            "aws_ecr_repository.services",
            "aws_ecs_cluster.main",
            "aws_ecs_task_definition.main",
            "aws_iam_role.ecs_execution_role",
            "aws_lb_target_group.api_gateway",
            "aws_lb_target_group.frontend",
            "aws_security_group.alb_sg",
            "aws_security_group.db_sg",
            "aws_security_group.ecs_tasks_sg",
            "aws_subnet.public_a",
            "aws_subnet.public_b",
            "aws_vpc.main"
          ]
        }
      ]
    },
    {
      "mode": "managed",
      "type": "aws_ecs_task_definition",
      "name": "main",
      "provider": "provider[\"registry.terraform.io/hashicorp/aws\"]",
      "instances": [
        {
          "index_key": "api-gateway",
          "schema_version": 1,
          "attributes": {
            "arn": "arn:aws:ecs:us-east-1:322194580427:task-definition/api-gateway-task:3",
            "arn_without_revision": "arn:aws:ecs:us-east-1:322194580427:task-definition/api-gateway-task",
            "container_definitions": "[{\"cpu\":0,\"environment\":[{\"name\":\"DB_HOST\",\"value\":\"coworkflow-db.cw5ok6og4ug9.us-east-1.rds.amazonaws.com\"},{\"name\":\"DB_PASSWORD\",\"value\":\"admincoworkflow\"},{\"name\":\"DB_USER\",\"value\":\"postgres\"}],\"essential\":true,\"image\":\"322194580427.dkr.ecr.us-east-1.amazonaws.com/coworkflow/api-gateway:latest\",\"logConfiguration\":{\"logDriver\":\"awslogs\",\"options\":{\"awslogs-group\":\"/ecs/coworkflow/api-gateway\",\"awslogs-region\":\"us-east-1\",\"awslogs-stream-prefix\":\"ecs\"}},\"mountPoints\":[],\"name\":\"api-gateway-container\",\"portMappings\":[{\"containerPort\":8000,\"hostPort\":8000,\"protocol\":\"tcp\"}],\"systemControls\":[],\"volumesFrom\":[]}]",
            "cpu": "256",
            "ephemeral_storage": [],
            "execution_role_arn": "arn:aws:iam::322194580427:role/coworkflow-execution-role",
            "family": "api-gateway-task",
            "id": "api-gateway-task",
            "inference_accelerator": [],
            "ipc_mode": "",
            "memory": "512",
            "network_mode": "awsvpc",
            "pid_mode": "",
            "placement_constraints": [],
            "proxy_configuration": [],
            "requires_compatibilities": [
              "FARGATE"
            ],
            "revision": 3,
            "runtime_platform": [],
            "skip_destroy": false,
            "tags": {},
            "tags_all": {
              "Project": "CoworkFlow",
              "terraform": "tf-coworkflow"
            },
            "task_role_arn": "",
            "volume": []
          },
          "sensitive_attributes": [
            [
              {
                "type": "get_attr",
                "value": "container_definitions"
              }
            ]
          ],
          "identity_schema_version": 0,
          "private": "eyJzY2hlbWFfdmVyc2lvbiI6IjEifQ==",
          "dependencies": [
            "aws_db_instance.postgres",
            "aws_db_subnet_group.default",
            "aws_ecr_repository.services",
            "aws_iam_role.ecs_execution_role",
            "aws_lb_target_group.api_gateway",
            "aws_lb_target_group.frontend",
            "aws_security_group.db_sg",
            "aws_subnet.public_a",
            "aws_subnet.public_b",
            "aws_vpc.main"
          ]
        },
        {
          "index_key": "frontend",
          "schema_version": 1,
          "attributes": {
            "arn": "arn:aws:ecs:us-east-1:322194580427:task-definition/frontend-task:3",
            "arn_without_revision": "arn:aws:ecs:us-east-1:322194580427:task-definition/frontend-task",
            "container_definitions": "[{\"cpu\":0,\"environment\":[{\"name\":\"DB_HOST\",\"value\":\"coworkflow-db.cw5ok6og4ug9.us-east-1.rds.amazonaws.com\"},{\"name\":\"DB_PASSWORD\",\"value\":\"admincoworkflow\"},{\"name\":\"DB_USER\",\"value\":\"postgres\"}],\"essential\":true,\"image\":\"322194580427.dkr.ecr.us-east-1.amazonaws.com/coworkflow/frontend:latest\",\"logConfiguration\":{\"logDriver\":\"awslogs\",\"options\":{\"awslogs-group\":\"/ecs/coworkflow/frontend\",\"awslogs-region\":\"us-east-1\",\"awslogs-stream-prefix\":\"ecs\"}},\"mountPoints\":[],\"name\":\"frontend-container\",\"portMappings\":[{\"containerPort\":80,\"hostPort\":80,\"protocol\":\"tcp\"}],\"systemControls\":[],\"volumesFrom\":[]}]",
            "cpu": "256",
            "ephemeral_storage": [],
            "execution_role_arn": "arn:aws:iam::322194580427:role/coworkflow-execution-role",
            "family": "frontend-task",
            "id": "frontend-task",
            "inference_accelerator": [],
            "ipc_mode": "",
            "memory": "512",
            "network_mode": "awsvpc",
            "pid_mode": "",
            "placement_constraints": [],
            "proxy_configuration": [],
            "requires_compatibilities": [
              "FARGATE"
            ],
            "revision": 3,
            "runtime_platform": [],
            "skip_destroy": false,
            "tags": {},
            "tags_all": {
              "Project": "CoworkFlow",
              "terraform": "tf-coworkflow"
            },
            "task_role_arn": "",
            "volume": []
          },
          "sensitive_attributes": [
            [
              {
                "type": "get_attr",
                "value": "container_definitions"
              }
            ]
          ],
          "identity_schema_version": 0,
          "private": "eyJzY2hlbWFfdmVyc2lvbiI6IjEifQ==",
          "dependencies": [
            "aws_db_instance.postgres",
            "aws_db_subnet_group.default",
            "aws_ecr_repository.services",
            "aws_iam_role.ecs_execution_role",
            "aws_lb_target_group.api_gateway",
            "aws_lb_target_group.frontend",
            "aws_security_group.db_sg",
            "aws_subnet.public_a",
            "aws_subnet.public_b",
            "aws_vpc.main"
          ]
        },
        {
          "index_key": "ms-analytics",
          "schema_version": 1,
          "attributes": {
            "arn": "arn:aws:ecs:us-east-1:322194580427:task-definition/ms-analytics-task:3",
            "arn_without_revision": "arn:aws:ecs:us-east-1:322194580427:task-definition/ms-analytics-task",
            "container_definitions": "[{\"cpu\":0,\"environment\":[{\"name\":\"DB_HOST\",\"value\":\"coworkflow-db.cw5ok6og4ug9.us-east-1.rds.amazonaws.com\"},{\"name\":\"DB_PASSWORD\",\"value\":\"admincoworkflow\"},{\"name\":\"DB_USER\",\"value\":\"postgres\"}],\"essential\":true,\"image\":\"322194580427.dkr.ecr.us-east-1.amazonaws.com/coworkflow/ms-analytics:latest\",\"logConfiguration\":{\"logDriver\":\"awslogs\",\"options\":{\"awslogs-group\":\"/ecs/coworkflow/ms-analytics\",\"awslogs-region\":\"us-east-1\",\"awslogs-stream-prefix\":\"ecs\"}},\"mountPoints\":[],\"name\":\"ms-analytics-container\",\"portMappings\":[{\"containerPort\":5000,\"hostPort\":5000,\"protocol\":\"tcp\"}],\"systemControls\":[],\"volumesFrom\":[]}]",
            "cpu": "256",
            "ephemeral_storage": [],
            "execution_role_arn": "arn:aws:iam::322194580427:role/coworkflow-execution-role",
            "family": "ms-analytics-task",
            "id": "ms-analytics-task",
            "inference_accelerator": [],
            "ipc_mode": "",
            "memory": "512",
            "network_mode": "awsvpc",
            "pid_mode": "",
            "placement_constraints": [],
            "proxy_configuration": [],
            "requires_compatibilities": [
              "FARGATE"
            ],
            "revision": 3,
            "runtime_platform": [],
            "skip_destroy": false,
            "tags": {},
            "tags_all": {
              "Project": "CoworkFlow",
              "terraform": "tf-coworkflow"
            },
            "task_role_arn": "",
            "volume": []
          },
          "sensitive_attributes": [
            [
              {
                "type": "get_attr",
                "value": "container_definitions"
              }
            ]
          ],
          "identity_schema_version": 0,
          "private": "eyJzY2hlbWFfdmVyc2lvbiI6IjEifQ==",
          "dependencies": [
            "aws_db_instance.postgres",
            "aws_db_subnet_group.default",
            "aws_ecr_repository.services",
            "aws_iam_role.ecs_execution_role",
            "aws_lb_target_group.api_gateway",
            "aws_lb_target_group.frontend",
            "aws_security_group.db_sg",
            "aws_subnet.public_a",
            "aws_subnet.public_b",
            "aws_vpc.main"
          ]
        },
        {
          "index_key": "ms-checkin",
          "schema_version": 1,
          "attributes": {
            "arn": "arn:aws:ecs:us-east-1:322194580427:task-definition/ms-checkin-task:3",
            "arn_without_revision": "arn:aws:ecs:us-east-1:322194580427:task-definition/ms-checkin-task",
            "container_definitions": "[{\"cpu\":0,\"environment\":[{\"name\":\"DB_HOST\",\"value\":\"coworkflow-db.cw5ok6og4ug9.us-east-1.rds.amazonaws.com\"},{\"name\":\"DB_PASSWORD\",\"value\":\"admincoworkflow\"},{\"name\":\"DB_USER\",\"value\":\"postgres\"}],\"essential\":true,\"image\":\"322194580427.dkr.ecr.us-east-1.amazonaws.com/coworkflow/ms-checkin:latest\",\"logConfiguration\":{\"logDriver\":\"awslogs\",\"options\":{\"awslogs-group\":\"/ecs/coworkflow/ms-checkin\",\"awslogs-region\":\"us-east-1\",\"awslogs-stream-prefix\":\"ecs\"}},\"mountPoints\":[],\"name\":\"ms-checkin-container\",\"portMappings\":[{\"containerPort\":5000,\"hostPort\":5000,\"protocol\":\"tcp\"}],\"systemControls\":[],\"volumesFrom\":[]}]",
            "cpu": "256",
            "ephemeral_storage": [],
            "execution_role_arn": "arn:aws:iam::322194580427:role/coworkflow-execution-role",
            "family": "ms-checkin-task",
            "id": "ms-checkin-task",
            "inference_accelerator": [],
            "ipc_mode": "",
            "memory": "512",
            "network_mode": "awsvpc",
            "pid_mode": "",
            "placement_constraints": [],
            "proxy_configuration": [],
            "requires_compatibilities": [
              "FARGATE"
            ],
            "revision": 3,
            "runtime_platform": [],
            "skip_destroy": false,
            "tags": {},
            "tags_all": {
              "Project": "CoworkFlow",
              "terraform": "tf-coworkflow"
            },
            "task_role_arn": "",
            "volume": []
          },
          "sensitive_attributes": [
            [
              {
                "type": "get_attr",
                "value": "container_definitions"
              }
            ]
          ],
          "identity_schema_version": 0,
          "private": "eyJzY2hlbWFfdmVyc2lvbiI6IjEifQ==",
          "dependencies": [
            "aws_db_instance.postgres",
            "aws_db_subnet_group.default",
            "aws_ecr_repository.services",
            "aws_iam_role.ecs_execution_role",
            "aws_lb_target_group.api_gateway",
            "aws_lb_target_group.frontend",
            "aws_security_group.db_sg",
            "aws_subnet.public_a",
            "aws_subnet.public_b",
            "aws_vpc.main"
          ]
        },
        {
          "index_key": "ms-espacos",
          "schema_version": 1,
          "attributes": {
            "arn": "arn:aws:ecs:us-east-1:322194580427:task-definition/ms-espacos-task:3",
            "arn_without_revision": "arn:aws:ecs:us-east-1:322194580427:task-definition/ms-espacos-task",
            "container_definitions": "[{\"cpu\":0,\"environment\":[{\"name\":\"DB_HOST\",\"value\":\"coworkflow-db.cw5ok6og4ug9.us-east-1.rds.amazonaws.com\"},{\"name\":\"DB_PASSWORD\",\"value\":\"admincoworkflow\"},{\"name\":\"DB_USER\",\"value\":\"postgres\"}],\"essential\":true,\"image\":\"322194580427.dkr.ecr.us-east-1.amazonaws.com/coworkflow/ms-espacos:latest\",\"logConfiguration\":{\"logDriver\":\"awslogs\",\"options\":{\"awslogs-group\":\"/ecs/coworkflow/ms-espacos\",\"awslogs-region\":\"us-east-1\",\"awslogs-stream-prefix\":\"ecs\"}},\"mountPoints\":[],\"name\":\"ms-espacos-container\",\"portMappings\":[{\"containerPort\":5000,\"hostPort\":5000,\"protocol\":\"tcp\"}],\"systemControls\":[],\"volumesFrom\":[]}]",
            "cpu": "256",
            "ephemeral_storage": [],
            "execution_role_arn": "arn:aws:iam::322194580427:role/coworkflow-execution-role",
            "family": "ms-espacos-task",
            "id": "ms-espacos-task",
            "inference_accelerator": [],
            "ipc_mode": "",
            "memory": "512",
            "network_mode": "awsvpc",
            "pid_mode": "",
            "placement_constraints": [],
            "proxy_configuration": [],
            "requires_compatibilities": [
              "FARGATE"
            ],
            "revision": 3,
            "runtime_platform": [],
            "skip_destroy": false,
            "tags": {},
            "tags_all": {
              "Project": "CoworkFlow",
              "terraform": "tf-coworkflow"
            },
            "task_role_arn": "",
            "volume": []
          },
          "sensitive_attributes": [
            [
              {
                "type": "get_attr",
                "value": "container_definitions"
              }
            ]
          ],
          "identity_schema_version": 0,
          "private": "eyJzY2hlbWFfdmVyc2lvbiI6IjEifQ==",
          "dependencies": [
            "aws_db_instance.postgres",
            "aws_db_subnet_group.default",
            "aws_ecr_repository.services",
            "aws_iam_role.ecs_execution_role",
            "aws_lb_target_group.api_gateway",
            "aws_lb_target_group.frontend",
            "aws_security_group.db_sg",
            "aws_subnet.public_a",
            "aws_subnet.public_b",
            "aws_vpc.main"
          ]
        },
        {
          "index_key": "ms-financeiro",
          "schema_version": 1,
          "attributes": {
            "arn": "arn:aws:ecs:us-east-1:322194580427:task-definition/ms-financeiro-task:3",
            "arn_without_revision": "arn:aws:ecs:us-east-1:322194580427:task-definition/ms-financeiro-task",
            "container_definitions": "[{\"cpu\":0,\"environment\":[{\"name\":\"DB_HOST\",\"value\":\"coworkflow-db.cw5ok6og4ug9.us-east-1.rds.amazonaws.com\"},{\"name\":\"DB_PASSWORD\",\"value\":\"admincoworkflow\"},{\"name\":\"DB_USER\",\"value\":\"postgres\"}],\"essential\":true,\"image\":\"322194580427.dkr.ecr.us-east-1.amazonaws.com/coworkflow/ms-financeiro:latest\",\"logConfiguration\":{\"logDriver\":\"awslogs\",\"options\":{\"awslogs-group\":\"/ecs/coworkflow/ms-financeiro\",\"awslogs-region\":\"us-east-1\",\"awslogs-stream-prefix\":\"ecs\"}},\"mountPoints\":[],\"name\":\"ms-financeiro-container\",\"portMappings\":[{\"containerPort\":5000,\"hostPort\":5000,\"protocol\":\"tcp\"}],\"systemControls\":[],\"volumesFrom\":[]}]",
            "cpu": "256",
            "ephemeral_storage": [],
            "execution_role_arn": "arn:aws:iam::322194580427:role/coworkflow-execution-role",
            "family": "ms-financeiro-task",
            "id": "ms-financeiro-task",
            "inference_accelerator": [],
            "ipc_mode": "",
            "memory": "512",
            "network_mode": "awsvpc",
            "pid_mode": "",
            "placement_constraints": [],
            "proxy_configuration": [],
            "requires_compatibilities": [
              "FARGATE"
            ],
            "revision": 3,
            "runtime_platform": [],
            "skip_destroy": false,
            "tags": {},
            "tags_all": {
              "Project": "CoworkFlow",
              "terraform": "tf-coworkflow"
            },
            "task_role_arn": "",
            "volume": []
          },
          "sensitive_attributes": [
            [
              {
                "type": "get_attr",
                "value": "container_definitions"
              }
            ]
          ],
          "identity_schema_version": 0,
          "private": "eyJzY2hlbWFfdmVyc2lvbiI6IjEifQ==",
          "dependencies": [
            "aws_db_instance.postgres",
            "aws_db_subnet_group.default",
            "aws_ecr_repository.services",
            "aws_iam_role.ecs_execution_role",
            "aws_lb_target_group.api_gateway",
            "aws_lb_target_group.frontend",
            "aws_security_group.db_sg",
            "aws_subnet.public_a",
            "aws_subnet.public_b",
            "aws_vpc.main"
          ]
        },
        {
          "index_key": "ms-notificacoes",
          "schema_version": 1,
          "attributes": {
            "arn": "arn:aws:ecs:us-east-1:322194580427:task-definition/ms-notificacoes-task:3",
            "arn_without_revision": "arn:aws:ecs:us-east-1:322194580427:task-definition/ms-notificacoes-task",
            "container_definitions": "[{\"cpu\":0,\"environment\":[{\"name\":\"DB_HOST\",\"value\":\"coworkflow-db.cw5ok6og4ug9.us-east-1.rds.amazonaws.com\"},{\"name\":\"DB_PASSWORD\",\"value\":\"admincoworkflow\"},{\"name\":\"DB_USER\",\"value\":\"postgres\"}],\"essential\":true,\"image\":\"322194580427.dkr.ecr.us-east-1.amazonaws.com/coworkflow/ms-notificacoes:latest\",\"logConfiguration\":{\"logDriver\":\"awslogs\",\"options\":{\"awslogs-group\":\"/ecs/coworkflow/ms-notificacoes\",\"awslogs-region\":\"us-east-1\",\"awslogs-stream-prefix\":\"ecs\"}},\"mountPoints\":[],\"name\":\"ms-notificacoes-container\",\"portMappings\":[{\"containerPort\":5000,\"hostPort\":5000,\"protocol\":\"tcp\"}],\"systemControls\":[],\"volumesFrom\":[]}]",
            "cpu": "256",
            "ephemeral_storage": [],
            "execution_role_arn": "arn:aws:iam::322194580427:role/coworkflow-execution-role",
            "family": "ms-notificacoes-task",
            "id": "ms-notificacoes-task",
            "inference_accelerator": [],
            "ipc_mode": "",
            "memory": "512",
            "network_mode": "awsvpc",
            "pid_mode": "",
            "placement_constraints": [],
            "proxy_configuration": [],
            "requires_compatibilities": [
              "FARGATE"
            ],
            "revision": 3,
            "runtime_platform": [],
            "skip_destroy": false,
            "tags": {},
            "tags_all": {
              "Project": "CoworkFlow",
              "terraform": "tf-coworkflow"
            },
            "task_role_arn": "",
            "volume": []
          },
          "sensitive_attributes": [
            [
              {
                "type": "get_attr",
                "value": "container_definitions"
              }
            ]
          ],
          "identity_schema_version": 0,
          "private": "eyJzY2hlbWFfdmVyc2lvbiI6IjEifQ==",
          "dependencies": [
            "aws_db_instance.postgres",
            "aws_db_subnet_group.default",
            "aws_ecr_repository.services",
            "aws_iam_role.ecs_execution_role",
            "aws_lb_target_group.api_gateway",
            "aws_lb_target_group.frontend",
            "aws_security_group.db_sg",
            "aws_subnet.public_a",
            "aws_subnet.public_b",
            "aws_vpc.main"
          ]
        },
        {
          "index_key": "ms-pagamentos",
          "schema_version": 1,
          "attributes": {
            "arn": "arn:aws:ecs:us-east-1:322194580427:task-definition/ms-pagamentos-task:3",
            "arn_without_revision": "arn:aws:ecs:us-east-1:322194580427:task-definition/ms-pagamentos-task",
            "container_definitions": "[{\"cpu\":0,\"environment\":[{\"name\":\"DB_HOST\",\"value\":\"coworkflow-db.cw5ok6og4ug9.us-east-1.rds.amazonaws.com\"},{\"name\":\"DB_PASSWORD\",\"value\":\"admincoworkflow\"},{\"name\":\"DB_USER\",\"value\":\"postgres\"}],\"essential\":true,\"image\":\"322194580427.dkr.ecr.us-east-1.amazonaws.com/coworkflow/ms-pagamentos:latest\",\"logConfiguration\":{\"logDriver\":\"awslogs\",\"options\":{\"awslogs-group\":\"/ecs/coworkflow/ms-pagamentos\",\"awslogs-region\":\"us-east-1\",\"awslogs-stream-prefix\":\"ecs\"}},\"mountPoints\":[],\"name\":\"ms-pagamentos-container\",\"portMappings\":[{\"containerPort\":5000,\"hostPort\":5000,\"protocol\":\"tcp\"}],\"systemControls\":[],\"volumesFrom\":[]}]",
            "cpu": "256",
            "ephemeral_storage": [],
            "execution_role_arn": "arn:aws:iam::322194580427:role/coworkflow-execution-role",
            "family": "ms-pagamentos-task",
            "id": "ms-pagamentos-task",
            "inference_accelerator": [],
            "ipc_mode": "",
            "memory": "512",
            "network_mode": "awsvpc",
            "pid_mode": "",
            "placement_constraints": [],
            "proxy_configuration": [],
            "requires_compatibilities": [
              "FARGATE"
            ],
            "revision": 3,
            "runtime_platform": [],
            "skip_destroy": false,
            "tags": {},
            "tags_all": {
              "Project": "CoworkFlow",
              "terraform": "tf-coworkflow"
            },
            "task_role_arn": "",
            "volume": []
          },
          "sensitive_attributes": [
            [
              {
                "type": "get_attr",
                "value": "container_definitions"
              }
            ]
          ],
          "identity_schema_version": 0,
          "private": "eyJzY2hlbWFfdmVyc2lvbiI6IjEifQ==",
          "dependencies": [
            "aws_db_instance.postgres",
            "aws_db_subnet_group.default",
            "aws_ecr_repository.services",
            "aws_iam_role.ecs_execution_role",
            "aws_lb_target_group.api_gateway",
            "aws_lb_target_group.frontend",
            "aws_security_group.db_sg",
            "aws_subnet.public_a",
            "aws_subnet.public_b",
            "aws_vpc.main"
          ]
        },
        {
          "index_key": "ms-precos",
          "schema_version": 1,
          "attributes": {
            "arn": "arn:aws:ecs:us-east-1:322194580427:task-definition/ms-precos-task:3",
            "arn_without_revision": "arn:aws:ecs:us-east-1:322194580427:task-definition/ms-precos-task",
            "container_definitions": "[{\"cpu\":0,\"environment\":[{\"name\":\"DB_HOST\",\"value\":\"coworkflow-db.cw5ok6og4ug9.us-east-1.rds.amazonaws.com\"},{\"name\":\"DB_PASSWORD\",\"value\":\"admincoworkflow\"},{\"name\":\"DB_USER\",\"value\":\"postgres\"}],\"essential\":true,\"image\":\"322194580427.dkr.ecr.us-east-1.amazonaws.com/coworkflow/ms-precos:latest\",\"logConfiguration\":{\"logDriver\":\"awslogs\",\"options\":{\"awslogs-group\":\"/ecs/coworkflow/ms-precos\",\"awslogs-region\":\"us-east-1\",\"awslogs-stream-prefix\":\"ecs\"}},\"mountPoints\":[],\"name\":\"ms-precos-container\",\"portMappings\":[{\"containerPort\":5000,\"hostPort\":5000,\"protocol\":\"tcp\"}],\"systemControls\":[],\"volumesFrom\":[]}]",
            "cpu": "256",
            "ephemeral_storage": [],
            "execution_role_arn": "arn:aws:iam::322194580427:role/coworkflow-execution-role",
            "family": "ms-precos-task",
            "id": "ms-precos-task",
            "inference_accelerator": [],
            "ipc_mode": "",
            "memory": "512",
            "network_mode": "awsvpc",
            "pid_mode": "",
            "placement_constraints": [],
            "proxy_configuration": [],
            "requires_compatibilities": [
              "FARGATE"
            ],
            "revision": 3,
            "runtime_platform": [],
            "skip_destroy": false,
            "tags": {},
            "tags_all": {
              "Project": "CoworkFlow",
              "terraform": "tf-coworkflow"
            },
            "task_role_arn": "",
            "volume": []
          },
          "sensitive_attributes": [
            [
              {
                "type": "get_attr",
                "value": "container_definitions"
              }
            ]
          ],
          "identity_schema_version": 0,
          "private": "eyJzY2hlbWFfdmVyc2lvbiI6IjEifQ==",
          "dependencies": [
            "aws_db_instance.postgres",
            "aws_db_subnet_group.default",
            "aws_ecr_repository.services",
            "aws_iam_role.ecs_execution_role",
            "aws_lb_target_group.api_gateway",
            "aws_lb_target_group.frontend",
            "aws_security_group.db_sg",
            "aws_subnet.public_a",
            "aws_subnet.public_b",
            "aws_vpc.main"
          ]
        },
        {
          "index_key": "ms-reservas",
          "schema_version": 1,
          "attributes": {
            "arn": "arn:aws:ecs:us-east-1:322194580427:task-definition/ms-reservas-task:3",
            "arn_without_revision": "arn:aws:ecs:us-east-1:322194580427:task-definition/ms-reservas-task",
            "container_definitions": "[{\"cpu\":0,\"environment\":[{\"name\":\"DB_HOST\",\"value\":\"coworkflow-db.cw5ok6og4ug9.us-east-1.rds.amazonaws.com\"},{\"name\":\"DB_PASSWORD\",\"value\":\"admincoworkflow\"},{\"name\":\"DB_USER\",\"value\":\"postgres\"}],\"essential\":true,\"image\":\"322194580427.dkr.ecr.us-east-1.amazonaws.com/coworkflow/ms-reservas:latest\",\"logConfiguration\":{\"logDriver\":\"awslogs\",\"options\":{\"awslogs-group\":\"/ecs/coworkflow/ms-reservas\",\"awslogs-region\":\"us-east-1\",\"awslogs-stream-prefix\":\"ecs\"}},\"mountPoints\":[],\"name\":\"ms-reservas-container\",\"portMappings\":[{\"containerPort\":5000,\"hostPort\":5000,\"protocol\":\"tcp\"}],\"systemControls\":[],\"volumesFrom\":[]}]",
            "cpu": "256",
            "ephemeral_storage": [],
            "execution_role_arn": "arn:aws:iam::322194580427:role/coworkflow-execution-role",
            "family": "ms-reservas-task",
            "id": "ms-reservas-task",
            "inference_accelerator": [],
            "ipc_mode": "",
            "memory": "512",
            "network_mode": "awsvpc",
            "pid_mode": "",
            "placement_constraints": [],
            "proxy_configuration": [],
            "requires_compatibilities": [
              "FARGATE"
            ],
            "revision": 3,
            "runtime_platform": [],
            "skip_destroy": false,
            "tags": {},
            "tags_all": {
              "Project": "CoworkFlow",
              "terraform": "tf-coworkflow"
            },
            "task_role_arn": "",
            "volume": []
          },
          "sensitive_attributes": [
            [
              {
                "type": "get_attr",
                "value": "container_definitions"
              }
            ]
          ],
          "identity_schema_version": 0,
          "private": "eyJzY2hlbWFfdmVyc2lvbiI6IjEifQ==",
          "dependencies": [
            "aws_db_instance.postgres",
            "aws_db_subnet_group.default",
            "aws_ecr_repository.services",
            "aws_iam_role.ecs_execution_role",
            "aws_lb_target_group.api_gateway",
            "aws_lb_target_group.frontend",
            "aws_security_group.db_sg",
            "aws_subnet.public_a",
            "aws_subnet.public_b",
            "aws_vpc.main"
          ]
        },
        {
          "index_key": "ms-usuarios",
          "schema_version": 1,
          "attributes": {
            "arn": "arn:aws:ecs:us-east-1:322194580427:task-definition/ms-usuarios-task:3",
            "arn_without_revision": "arn:aws:ecs:us-east-1:322194580427:task-definition/ms-usuarios-task",
            "container_definitions": "[{\"cpu\":0,\"environment\":[{\"name\":\"DB_HOST\",\"value\":\"coworkflow-db.cw5ok6og4ug9.us-east-1.rds.amazonaws.com\"},{\"name\":\"DB_PASSWORD\",\"value\":\"admincoworkflow\"},{\"name\":\"DB_USER\",\"value\":\"postgres\"}],\"essential\":true,\"image\":\"322194580427.dkr.ecr.us-east-1.amazonaws.com/coworkflow/ms-usuarios:latest\",\"logConfiguration\":{\"logDriver\":\"awslogs\",\"options\":{\"awslogs-group\":\"/ecs/coworkflow/ms-usuarios\",\"awslogs-region\":\"us-east-1\",\"awslogs-stream-prefix\":\"ecs\"}},\"mountPoints\":[],\"name\":\"ms-usuarios-container\",\"portMappings\":[{\"containerPort\":5000,\"hostPort\":5000,\"protocol\":\"tcp\"}],\"systemControls\":[],\"volumesFrom\":[]}]",
            "cpu": "256",
            "ephemeral_storage": [],
            "execution_role_arn": "arn:aws:iam::322194580427:role/coworkflow-execution-role",
            "family": "ms-usuarios-task",
            "id": "ms-usuarios-task",
            "inference_accelerator": [],
            "ipc_mode": "",
            "memory": "512",
            "network_mode": "awsvpc",
            "pid_mode": "",
            "placement_constraints": [],
            "proxy_configuration": [],
            "requires_compatibilities": [
              "FARGATE"
            ],
            "revision": 3,
            "runtime_platform": [],
            "skip_destroy": false,
            "tags": {},
            "tags_all": {
              "Project": "CoworkFlow",
              "terraform": "tf-coworkflow"
            },
            "task_role_arn": "",
            "volume": []
          },
          "sensitive_attributes": [
            [
              {
                "type": "get_attr",
                "value": "container_definitions"
              }
            ]
          ],
          "identity_schema_version": 0,
          "private": "eyJzY2hlbWFfdmVyc2lvbiI6IjEifQ==",
          "dependencies": [
            "aws_db_instance.postgres",
            "aws_db_subnet_group.default",
            "aws_ecr_repository.services",
            "aws_iam_role.ecs_execution_role",
            "aws_lb_target_group.api_gateway",
            "aws_lb_target_group.frontend",
            "aws_security_group.db_sg",
            "aws_subnet.public_a",
            "aws_subnet.public_b",
            "aws_vpc.main"
          ]
        }
      ]
    },
    {
      "mode": "managed",
      "type": "aws_iam_role",
      "name": "ecs_execution_role",
      "provider": "provider[\"registry.terraform.io/hashicorp/aws\"]",
      "instances": [
        {
          "schema_version": 0,
          "attributes": {
            "arn": "arn:aws:iam::322194580427:role/coworkflow-execution-role",
            "assume_role_policy": "{\"Statement\":[{\"Action\":\"sts:AssumeRole\",\"Effect\":\"Allow\",\"Principal\":{\"Service\":\"ecs-tasks.amazonaws.com\"}}],\"Version\":\"2012-10-17\"}",
            "create_date": "2025-12-13T21:23:36Z",
            "description": "",
            "force_detach_policies": false,
            "id": "coworkflow-execution-role",
            "inline_policy": [],
            "managed_policy_arns": [
              "arn:aws:iam::aws:policy/service-role/AmazonECSTaskExecutionRolePolicy"
            ],
            "max_session_duration": 3600,
            "name": "coworkflow-execution-role",
            "name_prefix": "",
            "path": "/",
            "permissions_boundary": null,
            "role_last_used": [
              {
                "last_used_date": "2025-12-14T13:04:49Z",
                "region": "us-east-1"
              }
            ],
            "tags": {},
            "tags_all": {
              "Project": "CoworkFlow",
              "terraform": "tf-coworkflow"
            },
            "unique_id": "AROAUWBCLEPF65OZAVZL5"
          },
          "sensitive_attributes": [],
          "identity_schema_version": 0,
          "private": "bnVsbA=="
        }
      ]
    },
    {
      "mode": "managed",
      "type": "aws_iam_role_policy_attachment",
      "name": "ecs_execution_policy",
      "provider": "provider[\"registry.terraform.io/hashicorp/aws\"]",
      "instances": [
        {
          "schema_version": 0,
          "attributes": {
            "id": "coworkflow-execution-role-20251213212335776300000001",
            "policy_arn": "arn:aws:iam::aws:policy/service-role/AmazonECSTaskExecutionRolePolicy",
            "role": "coworkflow-execution-role"
          },
          "sensitive_attributes": [],
          "identity_schema_version": 0,
          "private": "bnVsbA==",
          "dependencies": [
            "aws_iam_role.ecs_execution_role"
          ]
        }
      ]
    },
    {
      "mode": "managed",
      "type": "aws_internet_gateway",
      "name": "main",
      "provider": "provider[\"registry.terraform.io/hashicorp/aws\"]",
      "instances": [
        {
          "schema_version": 0,
          "attributes": {
            "arn": "arn:aws:ec2:us-east-1:322194580427:internet-gateway/igw-0f7881bd2916e16cf",
            "id": "igw-0f7881bd2916e16cf",
            "owner_id": "322194580427",
            "tags": {
              "Name": "coworkflow-igw"
            },
            "tags_all": {
              "Name": "coworkflow-igw",
              "Project": "CoworkFlow",
              "terraform": "tf-coworkflow"
            },
            "timeouts": null,
            "vpc_id": "vpc-0abe7bf133ca84d23"
          },
          "sensitive_attributes": [],
          "identity_schema_version": 0,
          "private": "eyJlMmJmYjczMC1lY2FhLTExZTYtOGY4OC0zNDM2M2JjN2M0YzAiOnsiY3JlYXRlIjoxMjAwMDAwMDAwMDAwLCJkZWxldGUiOjEyMDAwMDAwMDAwMDAsInVwZGF0ZSI6MTIwMDAwMDAwMDAwMH19",
          "dependencies": [
            "aws_vpc.main"
          ]
        }
      ]
    },
    {
      "mode": "managed",
      "type": "aws_lb",
      "name": "main",
      "provider": "provider[\"registry.terraform.io/hashicorp/aws\"]",
      "instances": [
        {
          "schema_version": 0,
          "attributes": {
            "access_logs": [
              {
                "bucket": "",
                "enabled": false,
                "prefix": ""
              }
            ],
            "arn": "arn:aws:elasticloadbalancing:us-east-1:322194580427:loadbalancer/app/coworkflow-alb/a4debefb6f4e2f76",
            "arn_suffix": "app/coworkflow-alb/a4debefb6f4e2f76",
            "customer_owned_ipv4_pool": "",
            "desync_mitigation_mode": "defensive",
            "dns_name": "coworkflow-alb-1194392858.us-east-1.elb.amazonaws.com",
            "drop_invalid_header_fields": false,
            "enable_cross_zone_load_balancing": true,
            "enable_deletion_protection": false,
            "enable_http2": true,
            "enable_tls_version_and_cipher_suite_headers": false,
            "enable_waf_fail_open": false,
            "enable_xff_client_port": false,
            "id": "arn:aws:elasticloadbalancing:us-east-1:322194580427:loadbalancer/app/coworkflow-alb/a4debefb6f4e2f76",
            "idle_timeout": 60,
            "internal": false,
            "ip_address_type": "ipv4",
            "load_balancer_type": "application",
            "name": "coworkflow-alb",
            "name_prefix": null,
            "preserve_host_header": false,
            "security_groups": [
              "sg-095c2a08fa8bf2846"
            ],
            "subnet_mapping": [
              {
                "allocation_id": "",
                "ipv6_address": "",
                "outpost_id": "",
                "private_ipv4_address": "",
                "subnet_id": "subnet-05bc5e3dc8710d943"
              },
              {
                "allocation_id": "",
                "ipv6_address": "",
                "outpost_id": "",
                "private_ipv4_address": "",
                "subnet_id": "subnet-087f785d163416330"
              }
            ],
            "subnets": [
              "subnet-05bc5e3dc8710d943",
              "subnet-087f785d163416330"
            ],
            "tags": {},
            "tags_all": {
              "Project": "CoworkFlow",
              "terraform": "tf-coworkflow"
            },
            "timeouts": null,
            "vpc_id": "vpc-0abe7bf133ca84d23",
            "xff_header_processing_mode": "append",
            "zone_id": "Z35SXDOTRQ7X7K"
          },
          "sensitive_attributes": [],
          "identity_schema_version": 0,
          "private": "eyJlMmJmYjczMC1lY2FhLTExZTYtOGY4OC0zNDM2M2JjN2M0YzAiOnsiY3JlYXRlIjo2MDAwMDAwMDAwMDAsImRlbGV0ZSI6NjAwMDAwMDAwMDAwLCJ1cGRhdGUiOjYwMDAwMDAwMDAwMH19",
          "dependencies": [
            "aws_security_group.alb_sg",
            "aws_subnet.public_a",
            "aws_subnet.public_b",
            "aws_vpc.main"
          ]
        }
      ]
    },
    {
      "mode": "managed",
      "type": "aws_lb_listener",
      "name": "front_end",
      "provider": "provider[\"registry.terraform.io/hashicorp/aws\"]",
      "instances": [
        {
          "schema_version": 0,
          "attributes": {
            "alpn_policy": null,
            "arn": "arn:aws:elasticloadbalancing:us-east-1:322194580427:listener/app/coworkflow-alb/a4debefb6f4e2f76/c41e69392bc00852",
            "certificate_arn": null,
            "default_action": [
              {
                "authenticate_cognito": [],
                "authenticate_oidc": [],
                "fixed_response": [],
                "forward": [],
                "order": 1,
                "redirect": [],
                "target_group_arn": "arn:aws:elasticloadbalancing:us-east-1:322194580427:targetgroup/coworkflow-tg-frontend/e1e0d5f7a4fd94ff",
                "type": "forward"
              }
            ],
            "id": "arn:aws:elasticloadbalancing:us-east-1:322194580427:listener/app/coworkflow-alb/a4debefb6f4e2f76/c41e69392bc00852",
            "load_balancer_arn": "arn:aws:elasticloadbalancing:us-east-1:322194580427:loadbalancer/app/coworkflow-alb/a4debefb6f4e2f76",
            "port": 80,
            "protocol": "HTTP",
            "ssl_policy": "",
            "tags": {},
            "tags_all": {
              "Project": "CoworkFlow",
              "terraform": "tf-coworkflow"
            },
            "timeouts": null
          },
          "sensitive_attributes": [],
          "identity_schema_version": 0,
          "private": "eyJlMmJmYjczMC1lY2FhLTExZTYtOGY4OC0zNDM2M2JjN2M0YzAiOnsicmVhZCI6NjAwMDAwMDAwMDAwfX0=",
          "dependencies": [
            "aws_lb.main",
            "aws_lb_target_group.frontend",
            "aws_security_group.alb_sg",
            "aws_subnet.public_a",
            "aws_subnet.public_b",
            "aws_vpc.main"
          ]
        }
      ]
    },
    {
      "mode": "managed",
      "type": "aws_lb_listener_rule",
      "name": "api_rule",
      "provider": "provider[\"registry.terraform.io/hashicorp/aws\"]",
      "instances": [
        {
          "schema_version": 0,
          "attributes": {
            "action": [
              {
                "authenticate_cognito": [],
                "authenticate_oidc": [],
                "fixed_response": [],
                "forward": [],
                "order": 1,
                "redirect": [],
                "target_group_arn": "arn:aws:elasticloadbalancing:us-east-1:322194580427:targetgroup/coworkflow-tg-api/0484778b2996dfad",
                "type": "forward"
              }
            ],
            "arn": "arn:aws:elasticloadbalancing:us-east-1:322194580427:listener-rule/app/coworkflow-alb/a4debefb6f4e2f76/c41e69392bc00852/c5e204b5a95762d7",
            "condition": [
              {
                "host_header": [],
                "http_header": [],
                "http_request_method": [],
                "path_pattern": [
                  {
                    "values": [
                      "/api/*"
                    ]
                  }
                ],
                "query_string": [],
                "source_ip": []
              }
            ],
            "id": "arn:aws:elasticloadbalancing:us-east-1:322194580427:listener-rule/app/coworkflow-alb/a4debefb6f4e2f76/c41e69392bc00852/c5e204b5a95762d7",
            "listener_arn": "arn:aws:elasticloadbalancing:us-east-1:322194580427:listener/app/coworkflow-alb/a4debefb6f4e2f76/c41e69392bc00852",
            "priority": 100,
            "tags": {},
            "tags_all": {
              "Project": "CoworkFlow",
              "terraform": "tf-coworkflow"
            }
          },
          "sensitive_attributes": [],
          "identity_schema_version": 0,
          "private": "bnVsbA==",
          "dependencies": [
            "aws_lb.main",
            "aws_lb_listener.front_end",
            "aws_lb_target_group.api_gateway",
            "aws_lb_target_group.frontend",
            "aws_security_group.alb_sg",
            "aws_subnet.public_a",
            "aws_subnet.public_b",
            "aws_vpc.main"
          ]
        }
      ]
    },
    {
      "mode": "managed",
      "type": "aws_lb_target_group",
      "name": "api_gateway",
      "provider": "provider[\"registry.terraform.io/hashicorp/aws\"]",
      "instances": [
        {
          "schema_version": 0,
          "attributes": {
            "arn": "arn:aws:elasticloadbalancing:us-east-1:322194580427:targetgroup/coworkflow-tg-api/0484778b2996dfad",
            "arn_suffix": "targetgroup/coworkflow-tg-api/0484778b2996dfad",
            "connection_termination": false,
            "deregistration_delay": "300",
            "health_check": [
              {
                "enabled": true,
                "healthy_threshold": 3,
                "interval": 30,
                "matcher": "200",
                "path": "/health",
                "port": "traffic-port",
                "protocol": "HTTP",
                "timeout": 5,
                "unhealthy_threshold": 3
              }
            ],
            "id": "arn:aws:elasticloadbalancing:us-east-1:322194580427:targetgroup/coworkflow-tg-api/0484778b2996dfad",
            "ip_address_type": "ipv4",
            "lambda_multi_value_headers_enabled": false,
            "load_balancing_algorithm_type": "round_robin",
            "load_balancing_cross_zone_enabled": "use_load_balancer_configuration",
            "name": "coworkflow-tg-api",
            "name_prefix": null,
            "port": 8000,
            "preserve_client_ip": null,
            "protocol": "HTTP",
            "protocol_version": "HTTP1",
            "proxy_protocol_v2": false,
            "slow_start": 0,
            "stickiness": [
              {
                "cookie_duration": 86400,
                "cookie_name": "",
                "enabled": false,
                "type": "lb_cookie"
              }
            ],
            "tags": {},
            "tags_all": {
              "Project": "CoworkFlow",
              "terraform": "tf-coworkflow"
            },
            "target_failover": [
              {
                "on_deregistration": null,
                "on_unhealthy": null
              }
            ],
            "target_type": "ip",
            "vpc_id": "vpc-0abe7bf133ca84d23"
          },
          "sensitive_attributes": [],
          "identity_schema_version": 0,
          "private": "bnVsbA==",
          "dependencies": [
            "aws_vpc.main"
          ]
        }
      ]
    },
    {
      "mode": "managed",
      "type": "aws_lb_target_group",
      "name": "frontend",
      "provider": "provider[\"registry.terraform.io/hashicorp/aws\"]",
      "instances": [
        {
          "schema_version": 0,
          "attributes": {
            "arn": "arn:aws:elasticloadbalancing:us-east-1:322194580427:targetgroup/coworkflow-tg-frontend/e1e0d5f7a4fd94ff",
            "arn_suffix": "targetgroup/coworkflow-tg-frontend/e1e0d5f7a4fd94ff",
            "connection_termination": false,
            "deregistration_delay": "300",
            "health_check": [
              {
                "enabled": true,
                "healthy_threshold": 3,
                "interval": 30,
                "matcher": "200",
                "path": "/",
                "port": "traffic-port",
                "protocol": "HTTP",
                "timeout": 5,
                "unhealthy_threshold": 3
              }
            ],
            "id": "arn:aws:elasticloadbalancing:us-east-1:322194580427:targetgroup/coworkflow-tg-frontend/e1e0d5f7a4fd94ff",
            "ip_address_type": "ipv4",
            "lambda_multi_value_headers_enabled": false,
            "load_balancing_algorithm_type": "round_robin",
            "load_balancing_cross_zone_enabled": "use_load_balancer_configuration",
            "name": "coworkflow-tg-frontend",
            "name_prefix": null,
            "port": 80,
            "preserve_client_ip": null,
            "protocol": "HTTP",
            "protocol_version": "HTTP1",
            "proxy_protocol_v2": false,
            "slow_start": 0,
            "stickiness": [
              {
                "cookie_duration": 86400,
                "cookie_name": "",
                "enabled": false,
                "type": "lb_cookie"
              }
            ],
            "tags": {},
            "tags_all": {
              "Project": "CoworkFlow",
              "terraform": "tf-coworkflow"
            },
            "target_failover": [
              {
                "on_deregistration": null,
                "on_unhealthy": null
              }
            ],
            "target_type": "ip",
            "vpc_id": "vpc-0abe7bf133ca84d23"
          },
          "sensitive_attributes": [],
          "identity_schema_version": 0,
          "private": "bnVsbA==",
          "dependencies": [
            "aws_vpc.main"
          ]
        }
      ]
    },
    {
      "mode": "managed",
      "type": "aws_route_table",
      "name": "public",
      "provider": "provider[\"registry.terraform.io/hashicorp/aws\"]",
      "instances": [
        {
          "schema_version": 0,
          "attributes": {
            "arn": "arn:aws:ec2:us-east-1:322194580427:route-table/rtb-0d77760992f37c564",
            "id": "rtb-0d77760992f37c564",
            "owner_id": "322194580427",
            "propagating_vgws": [],
            "route": [
              {
                "carrier_gateway_id": "",
                "cidr_block": "0.0.0.0/0",
                "core_network_arn": "",
                "destination_prefix_list_id": "",
                "egress_only_gateway_id": "",
                "gateway_id": "igw-0f7881bd2916e16cf",
                "instance_id": "",
                "ipv6_cidr_block": "",
                "local_gateway_id": "",
                "nat_gateway_id": "",
                "network_interface_id": "",
                "transit_gateway_id": "",
                "vpc_endpoint_id": "",
                "vpc_peering_connection_id": ""
              }
            ],
            "tags": {
              "Name": "coworkflow-public-rt"
            },
            "tags_all": {
              "Name": "coworkflow-public-rt",
              "Project": "CoworkFlow",
              "terraform": "tf-coworkflow"
            },
            "timeouts": null,
            "vpc_id": "vpc-0abe7bf133ca84d23"
          },
          "sensitive_attributes": [],
          "identity_schema_version": 0,
          "private": "eyJlMmJmYjczMC1lY2FhLTExZTYtOGY4OC0zNDM2M2JjN2M0YzAiOnsiY3JlYXRlIjozMDAwMDAwMDAwMDAsImRlbGV0ZSI6MzAwMDAwMDAwMDAwLCJ1cGRhdGUiOjEyMDAwMDAwMDAwMH19",
          "dependencies": [
            "aws_internet_gateway.main",
            "aws_vpc.main"
          ]
        }
      ]
    },
    {
      "mode": "managed",
      "type": "aws_route_table_association",
      "name": "public_a",
      "provider": "provider[\"registry.terraform.io/hashicorp/aws\"]",
      "instances": [
        {
          "schema_version": 0,
          "attributes": {
            "gateway_id": "",
            "id": "rtbassoc-00205a62b3459a831",
            "route_table_id": "rtb-0d77760992f37c564",
            "subnet_id": "subnet-05bc5e3dc8710d943",
            "timeouts": null
          },
          "sensitive_attributes": [],
          "identity_schema_version": 0,
          "private": "eyJlMmJmYjczMC1lY2FhLTExZTYtOGY4OC0zNDM2M2JjN2M0YzAiOnsiY3JlYXRlIjozMDAwMDAwMDAwMDAsImRlbGV0ZSI6MzAwMDAwMDAwMDAwLCJ1cGRhdGUiOjEyMDAwMDAwMDAwMH19",
          "dependencies": [
            "aws_internet_gateway.main",
            "aws_route_table.public",
            "aws_subnet.public_a",
            "aws_vpc.main"
          ]
        }
      ]
    },
    {
      "mode": "managed",
      "type": "aws_route_table_association",
      "name": "public_b",
      "provider": "provider[\"registry.terraform.io/hashicorp/aws\"]",
      "instances": [
        {
          "schema_version": 0,
          "attributes": {
            "gateway_id": "",
            "id": "rtbassoc-0526babde02cc1410",
            "route_table_id": "rtb-0d77760992f37c564",
            "subnet_id": "subnet-087f785d163416330",
            "timeouts": null
          },
          "sensitive_attributes": [],
          "identity_schema_version": 0,
          "private": "eyJlMmJmYjczMC1lY2FhLTExZTYtOGY4OC0zNDM2M2JjN2M0YzAiOnsiY3JlYXRlIjozMDAwMDAwMDAwMDAsImRlbGV0ZSI6MzAwMDAwMDAwMDAwLCJ1cGRhdGUiOjEyMDAwMDAwMDAwMH19",
          "dependencies": [
            "aws_internet_gateway.main",
            "aws_route_table.public",
            "aws_subnet.public_b",
            "aws_vpc.main"
          ]
        }
      ]
    },
    {
      "mode": "managed",
      "type": "aws_security_group",
      "name": "alb_sg",
      "provider": "provider[\"registry.terraform.io/hashicorp/aws\"]",
      "instances": [
        {
          "schema_version": 1,
          "attributes": {
            "arn": "arn:aws:ec2:us-east-1:322194580427:security-group/sg-095c2a08fa8bf2846",
            "description": "Security Group for Application Load Balancer",
            "egress": [
              {
                "cidr_blocks": [
                  "0.0.0.0/0"
                ],
                "description": "",
                "from_port": 0,
                "ipv6_cidr_blocks": [],
                "prefix_list_ids": [],
                "protocol": "-1",
                "security_groups": [],
                "self": false,
                "to_port": 0
              }
            ],
            "id": "sg-095c2a08fa8bf2846",
            "ingress": [
              {
                "cidr_blocks": [
                  "0.0.0.0/0"
                ],
                "description": "",
                "from_port": 80,
                "ipv6_cidr_blocks": [],
                "prefix_list_ids": [],
                "protocol": "tcp",
                "security_groups": [],
                "self": false,
                "to_port": 80
              }
            ],
            "name": "coworkflow-alb-sg",
            "name_prefix": "",
            "owner_id": "322194580427",
            "revoke_rules_on_delete": false,
            "tags": {},
            "tags_all": {
              "Project": "CoworkFlow",
              "terraform": "tf-coworkflow"
            },
            "timeouts": null,
            "vpc_id": "vpc-0abe7bf133ca84d23"
          },
          "sensitive_attributes": [],
          "identity_schema_version": 0,
          "private": "eyJlMmJmYjczMC1lY2FhLTExZTYtOGY4OC0zNDM2M2JjN2M0YzAiOnsiY3JlYXRlIjo2MDAwMDAwMDAwMDAsImRlbGV0ZSI6OTAwMDAwMDAwMDAwfSwic2NoZW1hX3ZlcnNpb24iOiIxIn0=",
          "dependencies": [
            "aws_vpc.main"
          ]
        }
      ]
    },
    {
      "mode": "managed",
      "type": "aws_security_group",
      "name": "db_sg",
      "provider": "provider[\"registry.terraform.io/hashicorp/aws\"]",
      "instances": [
        {
          "schema_version": 1,
          "attributes": {
            "arn": "arn:aws:ec2:us-east-1:322194580427:security-group/sg-025a3968038b3b59b",
            "description": "Security Group for RDS",
            "egress": [
              {
                "cidr_blocks": [
                  "0.0.0.0/0"
                ],
                "description": "",
                "from_port": 0,
                "ipv6_cidr_blocks": [],
                "prefix_list_ids": [],
                "protocol": "-1",
                "security_groups": [],
                "self": false,
                "to_port": 0
              }
            ],
            "id": "sg-025a3968038b3b59b",
            "ingress": [
              {
                "cidr_blocks": [
                  "10.0.0.0/16"
                ],
                "description": "",
                "from_port": 5432,
                "ipv6_cidr_blocks": [],
                "prefix_list_ids": [],
                "protocol": "tcp",
                "security_groups": [],
                "self": false,
                "to_port": 5432
              }
            ],
            "name": "coworkflow-db-sg",
            "name_prefix": "",
            "owner_id": "322194580427",
            "revoke_rules_on_delete": false,
            "tags": {},
            "tags_all": {
              "Project": "CoworkFlow",
              "terraform": "tf-coworkflow"
            },
            "timeouts": null,
            "vpc_id": "vpc-0abe7bf133ca84d23"
          },
          "sensitive_attributes": [],
          "identity_schema_version": 0,
          "private": "eyJlMmJmYjczMC1lY2FhLTExZTYtOGY4OC0zNDM2M2JjN2M0YzAiOnsiY3JlYXRlIjo2MDAwMDAwMDAwMDAsImRlbGV0ZSI6OTAwMDAwMDAwMDAwfSwic2NoZW1hX3ZlcnNpb24iOiIxIn0=",
          "dependencies": [
            "aws_vpc.main"
          ]
        }
      ]
    },
    {
      "mode": "managed",
      "type": "aws_security_group",
      "name": "ecs_tasks_sg",
      "provider": "provider[\"registry.terraform.io/hashicorp/aws\"]",
      "instances": [
        {
          "schema_version": 1,
          "attributes": {
            "arn": "arn:aws:ec2:us-east-1:322194580427:security-group/sg-05183d2453bd93e46",
            "description": "Security Group for ECS Tasks",
            "egress": [
              {
                "cidr_blocks": [
                  "0.0.0.0/0"
                ],
                "description": "",
                "from_port": 0,
                "ipv6_cidr_blocks": [],
                "prefix_list_ids": [],
                "protocol": "-1",
                "security_groups": [],
                "self": false,
                "to_port": 0
              }
            ],
            "id": "sg-05183d2453bd93e46",
            "ingress": [
              {
                "cidr_blocks": [],
                "description": "",
                "from_port": 0,
                "ipv6_cidr_blocks": [],
                "prefix_list_ids": [],
                "protocol": "tcp",
                "security_groups": [
                  "sg-095c2a08fa8bf2846"
                ],
                "self": false,
                "to_port": 65535
              },
              {
                "cidr_blocks": [],
                "description": "",
                "from_port": 0,
                "ipv6_cidr_blocks": [],
                "prefix_list_ids": [],
                "protocol": "tcp",
                "security_groups": [],
                "self": true,
                "to_port": 65535
              }
            ],
            "name": "coworkflow-ecs-tasks-sg",
            "name_prefix": "",
            "owner_id": "322194580427",
            "revoke_rules_on_delete": false,
            "tags": {},
            "tags_all": {
              "Project": "CoworkFlow",
              "terraform": "tf-coworkflow"
            },
            "timeouts": null,
            "vpc_id": "vpc-0abe7bf133ca84d23"
          },
          "sensitive_attributes": [],
          "identity_schema_version": 0,
          "private": "eyJlMmJmYjczMC1lY2FhLTExZTYtOGY4OC0zNDM2M2JjN2M0YzAiOnsiY3JlYXRlIjo2MDAwMDAwMDAwMDAsImRlbGV0ZSI6OTAwMDAwMDAwMDAwfSwic2NoZW1hX3ZlcnNpb24iOiIxIn0=",
          "dependencies": [
            "aws_security_group.alb_sg",
            "aws_vpc.main"
          ]
        }
      ]
    },
    {
      "mode": "managed",
      "type": "aws_subnet",
      "name": "public_a",
      "provider": "provider[\"registry.terraform.io/hashicorp/aws\"]",
      "instances": [
        {
          "schema_version": 1,
          "attributes": {
            "arn": "arn:aws:ec2:us-east-1:322194580427:subnet/subnet-05bc5e3dc8710d943",
            "assign_ipv6_address_on_creation": false,
            "availability_zone": "us-east-1a",
            "availability_zone_id": "use1-az4",
            "cidr_block": "10.0.1.0/24",
            "customer_owned_ipv4_pool": "",
            "enable_dns64": false,
            "enable_lni_at_device_index": 0,
            "enable_resource_name_dns_a_record_on_launch": false,
            "enable_resource_name_dns_aaaa_record_on_launch": false,
            "id": "subnet-05bc5e3dc8710d943",
            "ipv6_cidr_block": "",
            "ipv6_cidr_block_association_id": "",
            "ipv6_native": false,
            "map_customer_owned_ip_on_launch": false,
            "map_public_ip_on_launch": true,
            "outpost_arn": "",
            "owner_id": "322194580427",
            "private_dns_hostname_type_on_launch": "ip-name",
            "tags": {
              "Name": "coworkflow-public-1a"
            },
            "tags_all": {
              "Name": "coworkflow-public-1a",
              "Project": "CoworkFlow",
              "terraform": "tf-coworkflow"
            },
            "timeouts": null,
            "vpc_id": "vpc-0abe7bf133ca84d23"
          },
          "sensitive_attributes": [],
          "identity_schema_version": 0,
          "private": "eyJlMmJmYjczMC1lY2FhLTExZTYtOGY4OC0zNDM2M2JjN2M0YzAiOnsiY3JlYXRlIjo2MDAwMDAwMDAwMDAsImRlbGV0ZSI6MTIwMDAwMDAwMDAwMH0sInNjaGVtYV92ZXJzaW9uIjoiMSJ9",
          "dependencies": [
            "aws_vpc.main"
          ]
        }
      ]
    },
    {
      "mode": "managed",
      "type": "aws_subnet",
      "name": "public_b",
      "provider": "provider[\"registry.terraform.io/hashicorp/aws\"]",
      "instances": [
        {
          "schema_version": 1,
          "attributes": {
            "arn": "arn:aws:ec2:us-east-1:322194580427:subnet/subnet-087f785d163416330",
            "assign_ipv6_address_on_creation": false,
            "availability_zone": "us-east-1b",
            "availability_zone_id": "use1-az6",
            "cidr_block": "10.0.2.0/24",
            "customer_owned_ipv4_pool": "",
            "enable_dns64": false,
            "enable_lni_at_device_index": 0,
            "enable_resource_name_dns_a_record_on_launch": false,
            "enable_resource_name_dns_aaaa_record_on_launch": false,
            "id": "subnet-087f785d163416330",
            "ipv6_cidr_block": "",
            "ipv6_cidr_block_association_id": "",
            "ipv6_native": false,
            "map_customer_owned_ip_on_launch": false,
            "map_public_ip_on_launch": true,
            "outpost_arn": "",
            "owner_id": "322194580427",
            "private_dns_hostname_type_on_launch": "ip-name",
            "tags": {
              "Name": "coworkflow-public-1b"
            },
            "tags_all": {
              "Name": "coworkflow-public-1b",
              "Project": "CoworkFlow",
              "terraform": "tf-coworkflow"
            },
            "timeouts": null,
            "vpc_id": "vpc-0abe7bf133ca84d23"
          },
          "sensitive_attributes": [],
          "identity_schema_version": 0,
          "private": "eyJlMmJmYjczMC1lY2FhLTExZTYtOGY4OC0zNDM2M2JjN2M0YzAiOnsiY3JlYXRlIjo2MDAwMDAwMDAwMDAsImRlbGV0ZSI6MTIwMDAwMDAwMDAwMH0sInNjaGVtYV92ZXJzaW9uIjoiMSJ9",
          "dependencies": [
            "aws_vpc.main"
          ]
        }
      ]
    },
    {
      "mode": "managed",
      "type": "aws_vpc",
      "name": "main",
      "provider": "provider[\"registry.terraform.io/hashicorp/aws\"]",
      "instances": [
        {
          "schema_version": 1,
          "attributes": {
            "arn": "arn:aws:ec2:us-east-1:322194580427:vpc/vpc-0abe7bf133ca84d23",
            "assign_generated_ipv6_cidr_block": false,
            "cidr_block": "10.0.0.0/16",
            "default_network_acl_id": "acl-0ad15fd917ca4b316",
            "default_route_table_id": "rtb-09a59d6f1b639ebbc",
            "default_security_group_id": "sg-04ef4a575aaa5ddb9",
            "dhcp_options_id": "dopt-0bdf01937d3c3820e",
            "enable_classiclink": false,
            "enable_classiclink_dns_support": false,
            "enable_dns_hostnames": true,
            "enable_dns_support": true,
            "enable_network_address_usage_metrics": false,
            "id": "vpc-0abe7bf133ca84d23",
            "instance_tenancy": "default",
            "ipv4_ipam_pool_id": null,
            "ipv4_netmask_length": null,
            "ipv6_association_id": "",
            "ipv6_cidr_block": "",
            "ipv6_cidr_block_network_border_group": "",
            "ipv6_ipam_pool_id": "",
            "ipv6_netmask_length": 0,
            "main_route_table_id": "rtb-09a59d6f1b639ebbc",
            "owner_id": "322194580427",
            "tags": {
              "Name": "coworkflow-vpc"
            },
            "tags_all": {
              "Name": "coworkflow-vpc",
              "Project": "CoworkFlow",
              "terraform": "tf-coworkflow"
            }
          },
          "sensitive_attributes": [],
          "identity_schema_version": 0,
          "private": "eyJzY2hlbWFfdmVyc2lvbiI6IjEifQ=="
        }
      ]
    }
  ],
  "check_results": null
}
